// !$*UTF8*$!
{
	archiveVersion = 1;
	classes = {
	};
	objectVersion = 46;
	objects = {

/* Begin PBXBuildFile section */
		6A8DE46B14D9D2B90031A740 /* libstdc++.dylib in Frameworks */ = {isa = PBXBuildFile; fileRef = 6A8DE46A14D9D2B90031A740 /* libstdc++.dylib */; };
		6A8DE48A14D9F4FF0031A740 /* JellyVisual.m in Sources */ = {isa = PBXBuildFile; fileRef = 6A8DE48914D9F4FF0031A740 /* JellyVisual.m */; };
		6AEF4E2F14D9C27300BB85CC /* QuartzCore.framework in Frameworks */ = {isa = PBXBuildFile; fileRef = 6AEF4E2E14D9C27300BB85CC /* QuartzCore.framework */; };
		6AEF4E3114D9C27300BB85CC /* OpenGLES.framework in Frameworks */ = {isa = PBXBuildFile; fileRef = 6AEF4E3014D9C27300BB85CC /* OpenGLES.framework */; };
		6AEF4E3314D9C27300BB85CC /* OpenAL.framework in Frameworks */ = {isa = PBXBuildFile; fileRef = 6AEF4E3214D9C27300BB85CC /* OpenAL.framework */; };
		6AEF4E3514D9C27300BB85CC /* AudioToolbox.framework in Frameworks */ = {isa = PBXBuildFile; fileRef = 6AEF4E3414D9C27300BB85CC /* AudioToolbox.framework */; };
		6AEF4E3714D9C27300BB85CC /* AVFoundation.framework in Frameworks */ = {isa = PBXBuildFile; fileRef = 6AEF4E3614D9C27300BB85CC /* AVFoundation.framework */; };
		6AEF4E3914D9C27300BB85CC /* UIKit.framework in Frameworks */ = {isa = PBXBuildFile; fileRef = 6AEF4E3814D9C27300BB85CC /* UIKit.framework */; };
		6AEF4E3B14D9C27300BB85CC /* Foundation.framework in Frameworks */ = {isa = PBXBuildFile; fileRef = 6AEF4E3A14D9C27300BB85CC /* Foundation.framework */; };
		6AEF4E3D14D9C27300BB85CC /* CoreGraphics.framework in Frameworks */ = {isa = PBXBuildFile; fileRef = 6AEF4E3C14D9C27300BB85CC /* CoreGraphics.framework */; };
		6AEF4E4114D9C27300BB85CC /* Default.png in Resources */ = {isa = PBXBuildFile; fileRef = 6AEF4E4014D9C27300BB85CC /* Default.png */; };
		6AEF4E4314D9C27300BB85CC /* fps_images.png in Resources */ = {isa = PBXBuildFile; fileRef = 6AEF4E4214D9C27300BB85CC /* fps_images.png */; };
		6AEF4E4514D9C27300BB85CC /* Icon-72.png in Resources */ = {isa = PBXBuildFile; fileRef = 6AEF4E4414D9C27300BB85CC /* Icon-72.png */; };
		6AEF4E4714D9C27300BB85CC /* Icon-Small-50.png in Resources */ = {isa = PBXBuildFile; fileRef = 6AEF4E4614D9C27300BB85CC /* Icon-Small-50.png */; };
		6AEF4E4914D9C27300BB85CC /* Icon-Small.png in Resources */ = {isa = PBXBuildFile; fileRef = 6AEF4E4814D9C27300BB85CC /* Icon-Small.png */; };
		6AEF4E4B14D9C27300BB85CC /* Icon-Small@2x.png in Resources */ = {isa = PBXBuildFile; fileRef = 6AEF4E4A14D9C27300BB85CC /* Icon-Small@2x.png */; };
		6AEF4E4D14D9C27300BB85CC /* Icon.png in Resources */ = {isa = PBXBuildFile; fileRef = 6AEF4E4C14D9C27300BB85CC /* Icon.png */; };
		6AEF4E4F14D9C27300BB85CC /* Icon@2x.png in Resources */ = {isa = PBXBuildFile; fileRef = 6AEF4E4E14D9C27300BB85CC /* Icon@2x.png */; };
		6AEF4E5214D9C27300BB85CC /* iTunesArtwork in Resources */ = {isa = PBXBuildFile; fileRef = 6AEF4E5114D9C27300BB85CC /* iTunesArtwork */; };
		6AEF4E5714D9C27300BB85CC /* CCAction.m in Sources */ = {isa = PBXBuildFile; fileRef = 6AEF4E5614D9C27300BB85CC /* CCAction.m */; };
		6AEF4E5A14D9C27300BB85CC /* CCActionCamera.m in Sources */ = {isa = PBXBuildFile; fileRef = 6AEF4E5914D9C27300BB85CC /* CCActionCamera.m */; };
		6AEF4E5D14D9C27300BB85CC /* CCActionEase.m in Sources */ = {isa = PBXBuildFile; fileRef = 6AEF4E5C14D9C27300BB85CC /* CCActionEase.m */; };
		6AEF4E6014D9C27300BB85CC /* CCActionGrid.m in Sources */ = {isa = PBXBuildFile; fileRef = 6AEF4E5F14D9C27300BB85CC /* CCActionGrid.m */; };
		6AEF4E6314D9C27300BB85CC /* CCActionGrid3D.m in Sources */ = {isa = PBXBuildFile; fileRef = 6AEF4E6214D9C27300BB85CC /* CCActionGrid3D.m */; };
		6AEF4E6614D9C27300BB85CC /* CCActionInstant.m in Sources */ = {isa = PBXBuildFile; fileRef = 6AEF4E6514D9C27300BB85CC /* CCActionInstant.m */; };
		6AEF4E6914D9C27300BB85CC /* CCActionInterval.m in Sources */ = {isa = PBXBuildFile; fileRef = 6AEF4E6814D9C27300BB85CC /* CCActionInterval.m */; };
		6AEF4E6C14D9C27300BB85CC /* CCActionManager.m in Sources */ = {isa = PBXBuildFile; fileRef = 6AEF4E6B14D9C27300BB85CC /* CCActionManager.m */; };
		6AEF4E6F14D9C27300BB85CC /* CCActionPageTurn3D.m in Sources */ = {isa = PBXBuildFile; fileRef = 6AEF4E6E14D9C27300BB85CC /* CCActionPageTurn3D.m */; };
		6AEF4E7214D9C27300BB85CC /* CCActionProgressTimer.m in Sources */ = {isa = PBXBuildFile; fileRef = 6AEF4E7114D9C27300BB85CC /* CCActionProgressTimer.m */; };
		6AEF4E7514D9C27300BB85CC /* CCActionTiledGrid.m in Sources */ = {isa = PBXBuildFile; fileRef = 6AEF4E7414D9C27300BB85CC /* CCActionTiledGrid.m */; };
		6AEF4E7814D9C27300BB85CC /* CCActionTween.m in Sources */ = {isa = PBXBuildFile; fileRef = 6AEF4E7714D9C27300BB85CC /* CCActionTween.m */; };
		6AEF4E7B14D9C27300BB85CC /* CCAnimation.m in Sources */ = {isa = PBXBuildFile; fileRef = 6AEF4E7A14D9C27300BB85CC /* CCAnimation.m */; };
		6AEF4E7E14D9C27300BB85CC /* CCAnimationCache.m in Sources */ = {isa = PBXBuildFile; fileRef = 6AEF4E7D14D9C27300BB85CC /* CCAnimationCache.m */; };
		6AEF4E8114D9C27300BB85CC /* CCAtlasNode.m in Sources */ = {isa = PBXBuildFile; fileRef = 6AEF4E8014D9C27300BB85CC /* CCAtlasNode.m */; };
		6AEF4E8414D9C27300BB85CC /* CCBlockSupport.m in Sources */ = {isa = PBXBuildFile; fileRef = 6AEF4E8314D9C27300BB85CC /* CCBlockSupport.m */; };
		6AEF4E8714D9C27300BB85CC /* CCCamera.m in Sources */ = {isa = PBXBuildFile; fileRef = 6AEF4E8614D9C27300BB85CC /* CCCamera.m */; };
		6AEF4E8B14D9C27300BB85CC /* CCConfiguration.m in Sources */ = {isa = PBXBuildFile; fileRef = 6AEF4E8A14D9C27300BB85CC /* CCConfiguration.m */; };
		6AEF4E8E14D9C27300BB85CC /* CCDirector.m in Sources */ = {isa = PBXBuildFile; fileRef = 6AEF4E8D14D9C27300BB85CC /* CCDirector.m */; };
		6AEF4E9114D9C27300BB85CC /* CCDrawingPrimitives.m in Sources */ = {isa = PBXBuildFile; fileRef = 6AEF4E9014D9C27300BB85CC /* CCDrawingPrimitives.m */; };
		6AEF4E9414D9C27300BB85CC /* CCGrabber.m in Sources */ = {isa = PBXBuildFile; fileRef = 6AEF4E9314D9C27300BB85CC /* CCGrabber.m */; };
		6AEF4E9714D9C27300BB85CC /* CCGrid.m in Sources */ = {isa = PBXBuildFile; fileRef = 6AEF4E9614D9C27300BB85CC /* CCGrid.m */; };
		6AEF4E9A14D9C27300BB85CC /* CCLabelAtlas.m in Sources */ = {isa = PBXBuildFile; fileRef = 6AEF4E9914D9C27300BB85CC /* CCLabelAtlas.m */; };
		6AEF4E9D14D9C27300BB85CC /* CCLabelBMFont.m in Sources */ = {isa = PBXBuildFile; fileRef = 6AEF4E9C14D9C27300BB85CC /* CCLabelBMFont.m */; };
		6AEF4EA014D9C27300BB85CC /* CCLabelTTF.m in Sources */ = {isa = PBXBuildFile; fileRef = 6AEF4E9F14D9C27300BB85CC /* CCLabelTTF.m */; };
		6AEF4EA314D9C27300BB85CC /* CCLayer.m in Sources */ = {isa = PBXBuildFile; fileRef = 6AEF4EA214D9C27300BB85CC /* CCLayer.m */; };
		6AEF4EA714D9C27300BB85CC /* CCMenu.m in Sources */ = {isa = PBXBuildFile; fileRef = 6AEF4EA614D9C27300BB85CC /* CCMenu.m */; };
		6AEF4EAA14D9C27300BB85CC /* CCMenuItem.m in Sources */ = {isa = PBXBuildFile; fileRef = 6AEF4EA914D9C27300BB85CC /* CCMenuItem.m */; };
		6AEF4EAD14D9C27300BB85CC /* CCMotionStreak.m in Sources */ = {isa = PBXBuildFile; fileRef = 6AEF4EAC14D9C27300BB85CC /* CCMotionStreak.m */; };
		6AEF4EB014D9C27300BB85CC /* CCNode.m in Sources */ = {isa = PBXBuildFile; fileRef = 6AEF4EAF14D9C27300BB85CC /* CCNode.m */; };
		6AEF4EB314D9C27300BB85CC /* CCParallaxNode.m in Sources */ = {isa = PBXBuildFile; fileRef = 6AEF4EB214D9C27300BB85CC /* CCParallaxNode.m */; };
		6AEF4EB614D9C27300BB85CC /* CCParticleExamples.m in Sources */ = {isa = PBXBuildFile; fileRef = 6AEF4EB514D9C27300BB85CC /* CCParticleExamples.m */; };
		6AEF4EB914D9C27300BB85CC /* CCParticleSystem.m in Sources */ = {isa = PBXBuildFile; fileRef = 6AEF4EB814D9C27300BB85CC /* CCParticleSystem.m */; };
		6AEF4EBC14D9C27300BB85CC /* CCParticleSystemPoint.m in Sources */ = {isa = PBXBuildFile; fileRef = 6AEF4EBB14D9C27300BB85CC /* CCParticleSystemPoint.m */; };
		6AEF4EBF14D9C27300BB85CC /* CCParticleSystemQuad.m in Sources */ = {isa = PBXBuildFile; fileRef = 6AEF4EBE14D9C27300BB85CC /* CCParticleSystemQuad.m */; };
		6AEF4EC214D9C27300BB85CC /* CCProgressTimer.m in Sources */ = {isa = PBXBuildFile; fileRef = 6AEF4EC114D9C27300BB85CC /* CCProgressTimer.m */; };
		6AEF4EC614D9C27300BB85CC /* CCRenderTexture.m in Sources */ = {isa = PBXBuildFile; fileRef = 6AEF4EC514D9C27300BB85CC /* CCRenderTexture.m */; };
		6AEF4EC914D9C27300BB85CC /* CCRibbon.m in Sources */ = {isa = PBXBuildFile; fileRef = 6AEF4EC814D9C27300BB85CC /* CCRibbon.m */; };
		6AEF4ECC14D9C27300BB85CC /* CCScene.m in Sources */ = {isa = PBXBuildFile; fileRef = 6AEF4ECB14D9C27300BB85CC /* CCScene.m */; };
		6AEF4ECF14D9C27300BB85CC /* CCScheduler.m in Sources */ = {isa = PBXBuildFile; fileRef = 6AEF4ECE14D9C27300BB85CC /* CCScheduler.m */; };
		6AEF4ED214D9C27300BB85CC /* CCSprite.m in Sources */ = {isa = PBXBuildFile; fileRef = 6AEF4ED114D9C27300BB85CC /* CCSprite.m */; };
		6AEF4ED514D9C27400BB85CC /* CCSpriteBatchNode.m in Sources */ = {isa = PBXBuildFile; fileRef = 6AEF4ED414D9C27400BB85CC /* CCSpriteBatchNode.m */; };
		6AEF4ED814D9C27400BB85CC /* CCSpriteFrame.m in Sources */ = {isa = PBXBuildFile; fileRef = 6AEF4ED714D9C27400BB85CC /* CCSpriteFrame.m */; };
		6AEF4EDB14D9C27400BB85CC /* CCSpriteFrameCache.m in Sources */ = {isa = PBXBuildFile; fileRef = 6AEF4EDA14D9C27400BB85CC /* CCSpriteFrameCache.m */; };
		6AEF4EDE14D9C27400BB85CC /* CCTexture2D.m in Sources */ = {isa = PBXBuildFile; fileRef = 6AEF4EDD14D9C27400BB85CC /* CCTexture2D.m */; };
		6AEF4EE114D9C27400BB85CC /* CCTextureAtlas.m in Sources */ = {isa = PBXBuildFile; fileRef = 6AEF4EE014D9C27400BB85CC /* CCTextureAtlas.m */; };
		6AEF4EE414D9C27400BB85CC /* CCTextureCache.m in Sources */ = {isa = PBXBuildFile; fileRef = 6AEF4EE314D9C27400BB85CC /* CCTextureCache.m */; };
		6AEF4EE714D9C27400BB85CC /* CCTexturePVR.m in Sources */ = {isa = PBXBuildFile; fileRef = 6AEF4EE614D9C27400BB85CC /* CCTexturePVR.m */; };
		6AEF4EEA14D9C27400BB85CC /* CCTileMapAtlas.m in Sources */ = {isa = PBXBuildFile; fileRef = 6AEF4EE914D9C27400BB85CC /* CCTileMapAtlas.m */; };
		6AEF4EED14D9C27400BB85CC /* CCTMXLayer.m in Sources */ = {isa = PBXBuildFile; fileRef = 6AEF4EEC14D9C27400BB85CC /* CCTMXLayer.m */; };
		6AEF4EF014D9C27400BB85CC /* CCTMXObjectGroup.m in Sources */ = {isa = PBXBuildFile; fileRef = 6AEF4EEF14D9C27400BB85CC /* CCTMXObjectGroup.m */; };
		6AEF4EF314D9C27400BB85CC /* CCTMXTiledMap.m in Sources */ = {isa = PBXBuildFile; fileRef = 6AEF4EF214D9C27400BB85CC /* CCTMXTiledMap.m */; };
		6AEF4EF614D9C27400BB85CC /* CCTMXXMLParser.m in Sources */ = {isa = PBXBuildFile; fileRef = 6AEF4EF514D9C27400BB85CC /* CCTMXXMLParser.m */; };
		6AEF4EF914D9C27400BB85CC /* CCTransition.m in Sources */ = {isa = PBXBuildFile; fileRef = 6AEF4EF814D9C27400BB85CC /* CCTransition.m */; };
		6AEF4EFC14D9C27400BB85CC /* CCTransitionPageTurn.m in Sources */ = {isa = PBXBuildFile; fileRef = 6AEF4EFB14D9C27400BB85CC /* CCTransitionPageTurn.m */; };
		6AEF4EFF14D9C27400BB85CC /* CCTransitionRadial.m in Sources */ = {isa = PBXBuildFile; fileRef = 6AEF4EFE14D9C27400BB85CC /* CCTransitionRadial.m */; };
		6AEF4F0314D9C27400BB85CC /* cocos2d.m in Sources */ = {isa = PBXBuildFile; fileRef = 6AEF4F0214D9C27400BB85CC /* cocos2d.m */; };
		6AEF4F0A14D9C27400BB85CC /* CCDirectorIOS.m in Sources */ = {isa = PBXBuildFile; fileRef = 6AEF4F0914D9C27400BB85CC /* CCDirectorIOS.m */; };
		6AEF4F0E14D9C27400BB85CC /* CCTouchDispatcher.m in Sources */ = {isa = PBXBuildFile; fileRef = 6AEF4F0D14D9C27400BB85CC /* CCTouchDispatcher.m */; };
		6AEF4F1114D9C27400BB85CC /* CCTouchHandler.m in Sources */ = {isa = PBXBuildFile; fileRef = 6AEF4F1014D9C27400BB85CC /* CCTouchHandler.m */; };
		6AEF4F1414D9C27400BB85CC /* EAGLView.m in Sources */ = {isa = PBXBuildFile; fileRef = 6AEF4F1314D9C27400BB85CC /* EAGLView.m */; };
		6AEF4F1714D9C27400BB85CC /* ES1Renderer.m in Sources */ = {isa = PBXBuildFile; fileRef = 6AEF4F1614D9C27400BB85CC /* ES1Renderer.m */; };
		6AEF4F1A14D9C27400BB85CC /* glu.c in Sources */ = {isa = PBXBuildFile; fileRef = 6AEF4F1914D9C27400BB85CC /* glu.c */; };
		6AEF4F1F14D9C27400BB85CC /* CCDirectorMac.m in Sources */ = {isa = PBXBuildFile; fileRef = 6AEF4F1E14D9C27400BB85CC /* CCDirectorMac.m */; };
		6AEF4F2214D9C27400BB85CC /* CCEventDispatcher.m in Sources */ = {isa = PBXBuildFile; fileRef = 6AEF4F2114D9C27400BB85CC /* CCEventDispatcher.m */; };
		6AEF4F2514D9C27400BB85CC /* MacGLView.m in Sources */ = {isa = PBXBuildFile; fileRef = 6AEF4F2414D9C27400BB85CC /* MacGLView.m */; };
		6AEF4F2814D9C27400BB85CC /* MacWindow.m in Sources */ = {isa = PBXBuildFile; fileRef = 6AEF4F2714D9C27400BB85CC /* MacWindow.m */; };
		6AEF4F2B14D9C27400BB85CC /* base64.c in Sources */ = {isa = PBXBuildFile; fileRef = 6AEF4F2A14D9C27400BB85CC /* base64.c */; };
		6AEF4F2F14D9C27400BB85CC /* CCArray.m in Sources */ = {isa = PBXBuildFile; fileRef = 6AEF4F2E14D9C27400BB85CC /* CCArray.m */; };
		6AEF4F3314D9C27400BB85CC /* CCFileUtils.m in Sources */ = {isa = PBXBuildFile; fileRef = 6AEF4F3214D9C27400BB85CC /* CCFileUtils.m */; };
		6AEF4F3614D9C27400BB85CC /* CCProfiling.m in Sources */ = {isa = PBXBuildFile; fileRef = 6AEF4F3514D9C27400BB85CC /* CCProfiling.m */; };
		6AEF4F3814D9C27400BB85CC /* ccUtils.c in Sources */ = {isa = PBXBuildFile; fileRef = 6AEF4F3714D9C27400BB85CC /* ccUtils.c */; };
		6AEF4F3C14D9C27400BB85CC /* CGPointExtension.m in Sources */ = {isa = PBXBuildFile; fileRef = 6AEF4F3B14D9C27400BB85CC /* CGPointExtension.m */; };
		6AEF4F4014D9C27400BB85CC /* TGAlib.m in Sources */ = {isa = PBXBuildFile; fileRef = 6AEF4F3F14D9C27400BB85CC /* TGAlib.m */; };
		6AEF4F4314D9C27400BB85CC /* TransformUtils.m in Sources */ = {isa = PBXBuildFile; fileRef = 6AEF4F4214D9C27400BB85CC /* TransformUtils.m */; };
		6AEF4F4814D9C27400BB85CC /* ZipUtils.m in Sources */ = {isa = PBXBuildFile; fileRef = 6AEF4F4714D9C27400BB85CC /* ZipUtils.m */; };
		6AEF4F4D14D9C27400BB85CC /* CDAudioManager.m in Sources */ = {isa = PBXBuildFile; fileRef = 6AEF4F4C14D9C27400BB85CC /* CDAudioManager.m */; };
		6AEF4F5114D9C27400BB85CC /* CDOpenALSupport.m in Sources */ = {isa = PBXBuildFile; fileRef = 6AEF4F5014D9C27400BB85CC /* CDOpenALSupport.m */; };
		6AEF4F5414D9C27400BB85CC /* CocosDenshion.m in Sources */ = {isa = PBXBuildFile; fileRef = 6AEF4F5314D9C27400BB85CC /* CocosDenshion.m */; };
		6AEF4F5714D9C27400BB85CC /* SimpleAudioEngine.m in Sources */ = {isa = PBXBuildFile; fileRef = 6AEF4F5614D9C27400BB85CC /* SimpleAudioEngine.m */; };
		6AEF4F5C14D9C27400BB85CC /* CLScoreServerPost.m in Sources */ = {isa = PBXBuildFile; fileRef = 6AEF4F5B14D9C27400BB85CC /* CLScoreServerPost.m */; };
		6AEF4F5F14D9C27400BB85CC /* CLScoreServerRequest.m in Sources */ = {isa = PBXBuildFile; fileRef = 6AEF4F5E14D9C27400BB85CC /* CLScoreServerRequest.m */; };
		6AEF4F6214D9C27400BB85CC /* cocoslive.m in Sources */ = {isa = PBXBuildFile; fileRef = 6AEF4F6114D9C27400BB85CC /* cocoslive.m */; };
		6AEF4F6714D9C27400BB85CC /* CDataScanner.m in Sources */ = {isa = PBXBuildFile; fileRef = 6AEF4F6614D9C27400BB85CC /* CDataScanner.m */; };
		6AEF4F6B14D9C27500BB85CC /* CDataScanner_Extensions.m in Sources */ = {isa = PBXBuildFile; fileRef = 6AEF4F6A14D9C27500BB85CC /* CDataScanner_Extensions.m */; };
		6AEF4F6E14D9C27500BB85CC /* NSDictionary_JSONExtensions.m in Sources */ = {isa = PBXBuildFile; fileRef = 6AEF4F6D14D9C27500BB85CC /* NSDictionary_JSONExtensions.m */; };
		6AEF4F7214D9C27500BB85CC /* CJSONDeserializer.m in Sources */ = {isa = PBXBuildFile; fileRef = 6AEF4F7114D9C27500BB85CC /* CJSONDeserializer.m */; };
		6AEF4F7514D9C27500BB85CC /* CJSONScanner.m in Sources */ = {isa = PBXBuildFile; fileRef = 6AEF4F7414D9C27500BB85CC /* CJSONScanner.m */; };
		6AEF4F7814D9C27500BB85CC /* CJSONSerializer.m in Sources */ = {isa = PBXBuildFile; fileRef = 6AEF4F7714D9C27500BB85CC /* CJSONSerializer.m */; };
		6AEF4F7D14D9C27500BB85CC /* FontLabel.m in Sources */ = {isa = PBXBuildFile; fileRef = 6AEF4F7C14D9C27500BB85CC /* FontLabel.m */; };
		6AEF4F8014D9C27500BB85CC /* FontLabelStringDrawing.m in Sources */ = {isa = PBXBuildFile; fileRef = 6AEF4F7F14D9C27500BB85CC /* FontLabelStringDrawing.m */; };
		6AEF4F8314D9C27500BB85CC /* FontManager.m in Sources */ = {isa = PBXBuildFile; fileRef = 6AEF4F8214D9C27500BB85CC /* FontManager.m */; };
		6AEF4F8614D9C27500BB85CC /* ZAttributedString.m in Sources */ = {isa = PBXBuildFile; fileRef = 6AEF4F8514D9C27500BB85CC /* ZAttributedString.m */; };
		6AEF4F8A14D9C27500BB85CC /* ZFont.m in Sources */ = {isa = PBXBuildFile; fileRef = 6AEF4F8914D9C27500BB85CC /* ZFont.m */; };
		6AEF4F8F14D9C27500BB85CC /* main.m in Sources */ = {isa = PBXBuildFile; fileRef = 6AEF4F8E14D9C27500BB85CC /* main.m */; };
		6AEF4F9214D9C27500BB85CC /* AppDelegate.m in Sources */ = {isa = PBXBuildFile; fileRef = 6AEF4F9114D9C27500BB85CC /* AppDelegate.m */; };
		6AEF4F9514D9C27500BB85CC /* RootViewController.m in Sources */ = {isa = PBXBuildFile; fileRef = 6AEF4F9414D9C27500BB85CC /* RootViewController.m */; };
		6AEF4F9814D9C27500BB85CC /* HelloWorldLayer.m in Sources */ = {isa = PBXBuildFile; fileRef = 6AEF4F9714D9C27500BB85CC /* HelloWorldLayer.m */; };
/* End PBXBuildFile section */

/* Begin PBXContainerItemProxy section */
		6AB8048C14DAF31000D25541 /* PBXContainerItemProxy */ = {
			isa = PBXContainerItemProxy;
			containerPortal = 6AB8048514DAF31000D25541 /* jelly.xcodeproj */;
			proxyType = 2;
			remoteGlobalIDString = 6A91E18C14D9C04B00A6D61C;
			remoteInfo = jelly;
		};
/* End PBXContainerItemProxy section */

/* Begin PBXFileReference section */
		6A8DE46A14D9D2B90031A740 /* libstdc++.dylib */ = {isa = PBXFileReference; lastKnownFileType = "compiled.mach-o.dylib"; name = "libstdc++.dylib"; path = "usr/lib/libstdc++.dylib"; sourceTree = SDKROOT; };
		6AB8048514DAF31000D25541 /* jelly.xcodeproj */ = {isa = PBXFileReference; lastKnownFileType = "wrapper.pb-project"; name = jelly.xcodeproj; path = ../jelly_physics/jelly.xcodeproj; sourceTree = "<group>"; };
		6AEF4E2A14D9C27300BB85CC /* jelly_test.app */ = {isa = PBXFileReference; explicitFileType = wrapper.application; includeInIndex = 0; path = jelly_test.app; sourceTree = BUILT_PRODUCTS_DIR; };
		6AEF4E2E14D9C27300BB85CC /* QuartzCore.framework */ = {isa = PBXFileReference; lastKnownFileType = wrapper.framework; name = QuartzCore.framework; path = System/Library/Frameworks/QuartzCore.framework; sourceTree = SDKROOT; };
		6AEF4E3014D9C27300BB85CC /* OpenGLES.framework */ = {isa = PBXFileReference; lastKnownFileType = wrapper.framework; name = OpenGLES.framework; path = System/Library/Frameworks/OpenGLES.framework; sourceTree = SDKROOT; };
		6AEF4E3214D9C27300BB85CC /* OpenAL.framework */ = {isa = PBXFileReference; lastKnownFileType = wrapper.framework; name = OpenAL.framework; path = System/Library/Frameworks/OpenAL.framework; sourceTree = SDKROOT; };
		6AEF4E3414D9C27300BB85CC /* AudioToolbox.framework */ = {isa = PBXFileReference; lastKnownFileType = wrapper.framework; name = AudioToolbox.framework; path = System/Library/Frameworks/AudioToolbox.framework; sourceTree = SDKROOT; };
		6AEF4E3614D9C27300BB85CC /* AVFoundation.framework */ = {isa = PBXFileReference; lastKnownFileType = wrapper.framework; name = AVFoundation.framework; path = System/Library/Frameworks/AVFoundation.framework; sourceTree = SDKROOT; };
		6AEF4E3814D9C27300BB85CC /* UIKit.framework */ = {isa = PBXFileReference; lastKnownFileType = wrapper.framework; name = UIKit.framework; path = System/Library/Frameworks/UIKit.framework; sourceTree = SDKROOT; };
		6AEF4E3A14D9C27300BB85CC /* Foundation.framework */ = {isa = PBXFileReference; lastKnownFileType = wrapper.framework; name = Foundation.framework; path = System/Library/Frameworks/Foundation.framework; sourceTree = SDKROOT; };
		6AEF4E3C14D9C27300BB85CC /* CoreGraphics.framework */ = {isa = PBXFileReference; lastKnownFileType = wrapper.framework; name = CoreGraphics.framework; path = System/Library/Frameworks/CoreGraphics.framework; sourceTree = SDKROOT; };
		6AEF4E4014D9C27300BB85CC /* Default.png */ = {isa = PBXFileReference; lastKnownFileType = image.png; name = Default.png; path = Resources/Default.png; sourceTree = "<group>"; };
		6AEF4E4214D9C27300BB85CC /* fps_images.png */ = {isa = PBXFileReference; lastKnownFileType = image.png; name = fps_images.png; path = Resources/fps_images.png; sourceTree = "<group>"; };
		6AEF4E4414D9C27300BB85CC /* Icon-72.png */ = {isa = PBXFileReference; lastKnownFileType = image.png; name = "Icon-72.png"; path = "Resources/Icon-72.png"; sourceTree = "<group>"; };
		6AEF4E4614D9C27300BB85CC /* Icon-Small-50.png */ = {isa = PBXFileReference; lastKnownFileType = image.png; name = "Icon-Small-50.png"; path = "Resources/Icon-Small-50.png"; sourceTree = "<group>"; };
		6AEF4E4814D9C27300BB85CC /* Icon-Small.png */ = {isa = PBXFileReference; lastKnownFileType = image.png; name = "Icon-Small.png"; path = "Resources/Icon-Small.png"; sourceTree = "<group>"; };
		6AEF4E4A14D9C27300BB85CC /* Icon-Small@2x.png */ = {isa = PBXFileReference; lastKnownFileType = image.png; name = "Icon-Small@2x.png"; path = "Resources/Icon-Small@2x.png"; sourceTree = "<group>"; };
		6AEF4E4C14D9C27300BB85CC /* Icon.png */ = {isa = PBXFileReference; lastKnownFileType = image.png; name = Icon.png; path = Resources/Icon.png; sourceTree = "<group>"; };
		6AEF4E4E14D9C27300BB85CC /* Icon@2x.png */ = {isa = PBXFileReference; lastKnownFileType = image.png; name = "Icon@2x.png"; path = "Resources/Icon@2x.png"; sourceTree = "<group>"; };
		6AEF4E5014D9C27300BB85CC /* Info.plist */ = {isa = PBXFileReference; lastKnownFileType = text.plist.xml; name = Info.plist; path = Resources/Info.plist; sourceTree = "<group>"; };
		6AEF4E5114D9C27300BB85CC /* iTunesArtwork */ = {isa = PBXFileReference; lastKnownFileType = file; name = iTunesArtwork; path = Resources/iTunesArtwork; sourceTree = "<group>"; };
		6AEF4E5514D9C27300BB85CC /* CCAction.h */ = {isa = PBXFileReference; lastKnownFileType = sourcecode.c.h; name = CCAction.h; path = libs/cocos2d/CCAction.h; sourceTree = "<group>"; };
		6AEF4E5614D9C27300BB85CC /* CCAction.m */ = {isa = PBXFileReference; lastKnownFileType = sourcecode.c.objc; name = CCAction.m; path = libs/cocos2d/CCAction.m; sourceTree = "<group>"; };
		6AEF4E5814D9C27300BB85CC /* CCActionCamera.h */ = {isa = PBXFileReference; lastKnownFileType = sourcecode.c.h; name = CCActionCamera.h; path = libs/cocos2d/CCActionCamera.h; sourceTree = "<group>"; };
		6AEF4E5914D9C27300BB85CC /* CCActionCamera.m */ = {isa = PBXFileReference; lastKnownFileType = sourcecode.c.objc; name = CCActionCamera.m; path = libs/cocos2d/CCActionCamera.m; sourceTree = "<group>"; };
		6AEF4E5B14D9C27300BB85CC /* CCActionEase.h */ = {isa = PBXFileReference; lastKnownFileType = sourcecode.c.h; name = CCActionEase.h; path = libs/cocos2d/CCActionEase.h; sourceTree = "<group>"; };
		6AEF4E5C14D9C27300BB85CC /* CCActionEase.m */ = {isa = PBXFileReference; lastKnownFileType = sourcecode.c.objc; name = CCActionEase.m; path = libs/cocos2d/CCActionEase.m; sourceTree = "<group>"; };
		6AEF4E5E14D9C27300BB85CC /* CCActionGrid.h */ = {isa = PBXFileReference; lastKnownFileType = sourcecode.c.h; name = CCActionGrid.h; path = libs/cocos2d/CCActionGrid.h; sourceTree = "<group>"; };
		6AEF4E5F14D9C27300BB85CC /* CCActionGrid.m */ = {isa = PBXFileReference; lastKnownFileType = sourcecode.c.objc; name = CCActionGrid.m; path = libs/cocos2d/CCActionGrid.m; sourceTree = "<group>"; };
		6AEF4E6114D9C27300BB85CC /* CCActionGrid3D.h */ = {isa = PBXFileReference; lastKnownFileType = sourcecode.c.h; name = CCActionGrid3D.h; path = libs/cocos2d/CCActionGrid3D.h; sourceTree = "<group>"; };
		6AEF4E6214D9C27300BB85CC /* CCActionGrid3D.m */ = {isa = PBXFileReference; lastKnownFileType = sourcecode.c.objc; name = CCActionGrid3D.m; path = libs/cocos2d/CCActionGrid3D.m; sourceTree = "<group>"; };
		6AEF4E6414D9C27300BB85CC /* CCActionInstant.h */ = {isa = PBXFileReference; lastKnownFileType = sourcecode.c.h; name = CCActionInstant.h; path = libs/cocos2d/CCActionInstant.h; sourceTree = "<group>"; };
		6AEF4E6514D9C27300BB85CC /* CCActionInstant.m */ = {isa = PBXFileReference; lastKnownFileType = sourcecode.c.objc; name = CCActionInstant.m; path = libs/cocos2d/CCActionInstant.m; sourceTree = "<group>"; };
		6AEF4E6714D9C27300BB85CC /* CCActionInterval.h */ = {isa = PBXFileReference; lastKnownFileType = sourcecode.c.h; name = CCActionInterval.h; path = libs/cocos2d/CCActionInterval.h; sourceTree = "<group>"; };
		6AEF4E6814D9C27300BB85CC /* CCActionInterval.m */ = {isa = PBXFileReference; lastKnownFileType = sourcecode.c.objc; name = CCActionInterval.m; path = libs/cocos2d/CCActionInterval.m; sourceTree = "<group>"; };
		6AEF4E6A14D9C27300BB85CC /* CCActionManager.h */ = {isa = PBXFileReference; lastKnownFileType = sourcecode.c.h; name = CCActionManager.h; path = libs/cocos2d/CCActionManager.h; sourceTree = "<group>"; };
		6AEF4E6B14D9C27300BB85CC /* CCActionManager.m */ = {isa = PBXFileReference; lastKnownFileType = sourcecode.c.objc; name = CCActionManager.m; path = libs/cocos2d/CCActionManager.m; sourceTree = "<group>"; };
		6AEF4E6D14D9C27300BB85CC /* CCActionPageTurn3D.h */ = {isa = PBXFileReference; lastKnownFileType = sourcecode.c.h; name = CCActionPageTurn3D.h; path = libs/cocos2d/CCActionPageTurn3D.h; sourceTree = "<group>"; };
		6AEF4E6E14D9C27300BB85CC /* CCActionPageTurn3D.m */ = {isa = PBXFileReference; lastKnownFileType = sourcecode.c.objc; name = CCActionPageTurn3D.m; path = libs/cocos2d/CCActionPageTurn3D.m; sourceTree = "<group>"; };
		6AEF4E7014D9C27300BB85CC /* CCActionProgressTimer.h */ = {isa = PBXFileReference; lastKnownFileType = sourcecode.c.h; name = CCActionProgressTimer.h; path = libs/cocos2d/CCActionProgressTimer.h; sourceTree = "<group>"; };
		6AEF4E7114D9C27300BB85CC /* CCActionProgressTimer.m */ = {isa = PBXFileReference; lastKnownFileType = sourcecode.c.objc; name = CCActionProgressTimer.m; path = libs/cocos2d/CCActionProgressTimer.m; sourceTree = "<group>"; };
		6AEF4E7314D9C27300BB85CC /* CCActionTiledGrid.h */ = {isa = PBXFileReference; lastKnownFileType = sourcecode.c.h; name = CCActionTiledGrid.h; path = libs/cocos2d/CCActionTiledGrid.h; sourceTree = "<group>"; };
		6AEF4E7414D9C27300BB85CC /* CCActionTiledGrid.m */ = {isa = PBXFileReference; lastKnownFileType = sourcecode.c.objc; name = CCActionTiledGrid.m; path = libs/cocos2d/CCActionTiledGrid.m; sourceTree = "<group>"; };
		6AEF4E7614D9C27300BB85CC /* CCActionTween.h */ = {isa = PBXFileReference; lastKnownFileType = sourcecode.c.h; name = CCActionTween.h; path = libs/cocos2d/CCActionTween.h; sourceTree = "<group>"; };
		6AEF4E7714D9C27300BB85CC /* CCActionTween.m */ = {isa = PBXFileReference; lastKnownFileType = sourcecode.c.objc; name = CCActionTween.m; path = libs/cocos2d/CCActionTween.m; sourceTree = "<group>"; };
		6AEF4E7914D9C27300BB85CC /* CCAnimation.h */ = {isa = PBXFileReference; lastKnownFileType = sourcecode.c.h; name = CCAnimation.h; path = libs/cocos2d/CCAnimation.h; sourceTree = "<group>"; };
		6AEF4E7A14D9C27300BB85CC /* CCAnimation.m */ = {isa = PBXFileReference; lastKnownFileType = sourcecode.c.objc; name = CCAnimation.m; path = libs/cocos2d/CCAnimation.m; sourceTree = "<group>"; };
		6AEF4E7C14D9C27300BB85CC /* CCAnimationCache.h */ = {isa = PBXFileReference; lastKnownFileType = sourcecode.c.h; name = CCAnimationCache.h; path = libs/cocos2d/CCAnimationCache.h; sourceTree = "<group>"; };
		6AEF4E7D14D9C27300BB85CC /* CCAnimationCache.m */ = {isa = PBXFileReference; lastKnownFileType = sourcecode.c.objc; name = CCAnimationCache.m; path = libs/cocos2d/CCAnimationCache.m; sourceTree = "<group>"; };
		6AEF4E7F14D9C27300BB85CC /* CCAtlasNode.h */ = {isa = PBXFileReference; lastKnownFileType = sourcecode.c.h; name = CCAtlasNode.h; path = libs/cocos2d/CCAtlasNode.h; sourceTree = "<group>"; };
		6AEF4E8014D9C27300BB85CC /* CCAtlasNode.m */ = {isa = PBXFileReference; lastKnownFileType = sourcecode.c.objc; name = CCAtlasNode.m; path = libs/cocos2d/CCAtlasNode.m; sourceTree = "<group>"; };
		6AEF4E8214D9C27300BB85CC /* CCBlockSupport.h */ = {isa = PBXFileReference; lastKnownFileType = sourcecode.c.h; name = CCBlockSupport.h; path = libs/cocos2d/CCBlockSupport.h; sourceTree = "<group>"; };
		6AEF4E8314D9C27300BB85CC /* CCBlockSupport.m */ = {isa = PBXFileReference; lastKnownFileType = sourcecode.c.objc; name = CCBlockSupport.m; path = libs/cocos2d/CCBlockSupport.m; sourceTree = "<group>"; };
		6AEF4E8514D9C27300BB85CC /* CCCamera.h */ = {isa = PBXFileReference; lastKnownFileType = sourcecode.c.h; name = CCCamera.h; path = libs/cocos2d/CCCamera.h; sourceTree = "<group>"; };
		6AEF4E8614D9C27300BB85CC /* CCCamera.m */ = {isa = PBXFileReference; lastKnownFileType = sourcecode.c.objc; name = CCCamera.m; path = libs/cocos2d/CCCamera.m; sourceTree = "<group>"; };
		6AEF4E8814D9C27300BB85CC /* ccConfig.h */ = {isa = PBXFileReference; lastKnownFileType = sourcecode.c.h; name = ccConfig.h; path = libs/cocos2d/ccConfig.h; sourceTree = "<group>"; };
		6AEF4E8914D9C27300BB85CC /* CCConfiguration.h */ = {isa = PBXFileReference; lastKnownFileType = sourcecode.c.h; name = CCConfiguration.h; path = libs/cocos2d/CCConfiguration.h; sourceTree = "<group>"; };
		6AEF4E8A14D9C27300BB85CC /* CCConfiguration.m */ = {isa = PBXFileReference; lastKnownFileType = sourcecode.c.objc; name = CCConfiguration.m; path = libs/cocos2d/CCConfiguration.m; sourceTree = "<group>"; };
		6AEF4E8C14D9C27300BB85CC /* CCDirector.h */ = {isa = PBXFileReference; lastKnownFileType = sourcecode.c.h; name = CCDirector.h; path = libs/cocos2d/CCDirector.h; sourceTree = "<group>"; };
		6AEF4E8D14D9C27300BB85CC /* CCDirector.m */ = {isa = PBXFileReference; lastKnownFileType = sourcecode.c.objc; name = CCDirector.m; path = libs/cocos2d/CCDirector.m; sourceTree = "<group>"; };
		6AEF4E8F14D9C27300BB85CC /* CCDrawingPrimitives.h */ = {isa = PBXFileReference; lastKnownFileType = sourcecode.c.h; name = CCDrawingPrimitives.h; path = libs/cocos2d/CCDrawingPrimitives.h; sourceTree = "<group>"; };
		6AEF4E9014D9C27300BB85CC /* CCDrawingPrimitives.m */ = {isa = PBXFileReference; lastKnownFileType = sourcecode.c.objc; name = CCDrawingPrimitives.m; path = libs/cocos2d/CCDrawingPrimitives.m; sourceTree = "<group>"; };
		6AEF4E9214D9C27300BB85CC /* CCGrabber.h */ = {isa = PBXFileReference; lastKnownFileType = sourcecode.c.h; name = CCGrabber.h; path = libs/cocos2d/CCGrabber.h; sourceTree = "<group>"; };
		6AEF4E9314D9C27300BB85CC /* CCGrabber.m */ = {isa = PBXFileReference; lastKnownFileType = sourcecode.c.objc; name = CCGrabber.m; path = libs/cocos2d/CCGrabber.m; sourceTree = "<group>"; };
		6AEF4E9514D9C27300BB85CC /* CCGrid.h */ = {isa = PBXFileReference; lastKnownFileType = sourcecode.c.h; name = CCGrid.h; path = libs/cocos2d/CCGrid.h; sourceTree = "<group>"; };
		6AEF4E9614D9C27300BB85CC /* CCGrid.m */ = {isa = PBXFileReference; lastKnownFileType = sourcecode.c.objc; name = CCGrid.m; path = libs/cocos2d/CCGrid.m; sourceTree = "<group>"; };
		6AEF4E9814D9C27300BB85CC /* CCLabelAtlas.h */ = {isa = PBXFileReference; lastKnownFileType = sourcecode.c.h; name = CCLabelAtlas.h; path = libs/cocos2d/CCLabelAtlas.h; sourceTree = "<group>"; };
		6AEF4E9914D9C27300BB85CC /* CCLabelAtlas.m */ = {isa = PBXFileReference; lastKnownFileType = sourcecode.c.objc; name = CCLabelAtlas.m; path = libs/cocos2d/CCLabelAtlas.m; sourceTree = "<group>"; };
		6AEF4E9B14D9C27300BB85CC /* CCLabelBMFont.h */ = {isa = PBXFileReference; lastKnownFileType = sourcecode.c.h; name = CCLabelBMFont.h; path = libs/cocos2d/CCLabelBMFont.h; sourceTree = "<group>"; };
		6AEF4E9C14D9C27300BB85CC /* CCLabelBMFont.m */ = {isa = PBXFileReference; lastKnownFileType = sourcecode.c.objc; name = CCLabelBMFont.m; path = libs/cocos2d/CCLabelBMFont.m; sourceTree = "<group>"; };
		6AEF4E9E14D9C27300BB85CC /* CCLabelTTF.h */ = {isa = PBXFileReference; lastKnownFileType = sourcecode.c.h; name = CCLabelTTF.h; path = libs/cocos2d/CCLabelTTF.h; sourceTree = "<group>"; };
		6AEF4E9F14D9C27300BB85CC /* CCLabelTTF.m */ = {isa = PBXFileReference; lastKnownFileType = sourcecode.c.objc; name = CCLabelTTF.m; path = libs/cocos2d/CCLabelTTF.m; sourceTree = "<group>"; };
		6AEF4EA114D9C27300BB85CC /* CCLayer.h */ = {isa = PBXFileReference; lastKnownFileType = sourcecode.c.h; name = CCLayer.h; path = libs/cocos2d/CCLayer.h; sourceTree = "<group>"; };
		6AEF4EA214D9C27300BB85CC /* CCLayer.m */ = {isa = PBXFileReference; lastKnownFileType = sourcecode.c.objc; name = CCLayer.m; path = libs/cocos2d/CCLayer.m; sourceTree = "<group>"; };
		6AEF4EA414D9C27300BB85CC /* ccMacros.h */ = {isa = PBXFileReference; lastKnownFileType = sourcecode.c.h; name = ccMacros.h; path = libs/cocos2d/ccMacros.h; sourceTree = "<group>"; };
		6AEF4EA514D9C27300BB85CC /* CCMenu.h */ = {isa = PBXFileReference; lastKnownFileType = sourcecode.c.h; name = CCMenu.h; path = libs/cocos2d/CCMenu.h; sourceTree = "<group>"; };
		6AEF4EA614D9C27300BB85CC /* CCMenu.m */ = {isa = PBXFileReference; lastKnownFileType = sourcecode.c.objc; name = CCMenu.m; path = libs/cocos2d/CCMenu.m; sourceTree = "<group>"; };
		6AEF4EA814D9C27300BB85CC /* CCMenuItem.h */ = {isa = PBXFileReference; lastKnownFileType = sourcecode.c.h; name = CCMenuItem.h; path = libs/cocos2d/CCMenuItem.h; sourceTree = "<group>"; };
		6AEF4EA914D9C27300BB85CC /* CCMenuItem.m */ = {isa = PBXFileReference; lastKnownFileType = sourcecode.c.objc; name = CCMenuItem.m; path = libs/cocos2d/CCMenuItem.m; sourceTree = "<group>"; };
		6AEF4EAB14D9C27300BB85CC /* CCMotionStreak.h */ = {isa = PBXFileReference; lastKnownFileType = sourcecode.c.h; name = CCMotionStreak.h; path = libs/cocos2d/CCMotionStreak.h; sourceTree = "<group>"; };
		6AEF4EAC14D9C27300BB85CC /* CCMotionStreak.m */ = {isa = PBXFileReference; lastKnownFileType = sourcecode.c.objc; name = CCMotionStreak.m; path = libs/cocos2d/CCMotionStreak.m; sourceTree = "<group>"; };
		6AEF4EAE14D9C27300BB85CC /* CCNode.h */ = {isa = PBXFileReference; lastKnownFileType = sourcecode.c.h; name = CCNode.h; path = libs/cocos2d/CCNode.h; sourceTree = "<group>"; };
		6AEF4EAF14D9C27300BB85CC /* CCNode.m */ = {isa = PBXFileReference; lastKnownFileType = sourcecode.c.objc; name = CCNode.m; path = libs/cocos2d/CCNode.m; sourceTree = "<group>"; };
		6AEF4EB114D9C27300BB85CC /* CCParallaxNode.h */ = {isa = PBXFileReference; lastKnownFileType = sourcecode.c.h; name = CCParallaxNode.h; path = libs/cocos2d/CCParallaxNode.h; sourceTree = "<group>"; };
		6AEF4EB214D9C27300BB85CC /* CCParallaxNode.m */ = {isa = PBXFileReference; lastKnownFileType = sourcecode.c.objc; name = CCParallaxNode.m; path = libs/cocos2d/CCParallaxNode.m; sourceTree = "<group>"; };
		6AEF4EB414D9C27300BB85CC /* CCParticleExamples.h */ = {isa = PBXFileReference; lastKnownFileType = sourcecode.c.h; name = CCParticleExamples.h; path = libs/cocos2d/CCParticleExamples.h; sourceTree = "<group>"; };
		6AEF4EB514D9C27300BB85CC /* CCParticleExamples.m */ = {isa = PBXFileReference; lastKnownFileType = sourcecode.c.objc; name = CCParticleExamples.m; path = libs/cocos2d/CCParticleExamples.m; sourceTree = "<group>"; };
		6AEF4EB714D9C27300BB85CC /* CCParticleSystem.h */ = {isa = PBXFileReference; lastKnownFileType = sourcecode.c.h; name = CCParticleSystem.h; path = libs/cocos2d/CCParticleSystem.h; sourceTree = "<group>"; };
		6AEF4EB814D9C27300BB85CC /* CCParticleSystem.m */ = {isa = PBXFileReference; lastKnownFileType = sourcecode.c.objc; name = CCParticleSystem.m; path = libs/cocos2d/CCParticleSystem.m; sourceTree = "<group>"; };
		6AEF4EBA14D9C27300BB85CC /* CCParticleSystemPoint.h */ = {isa = PBXFileReference; lastKnownFileType = sourcecode.c.h; name = CCParticleSystemPoint.h; path = libs/cocos2d/CCParticleSystemPoint.h; sourceTree = "<group>"; };
		6AEF4EBB14D9C27300BB85CC /* CCParticleSystemPoint.m */ = {isa = PBXFileReference; lastKnownFileType = sourcecode.c.objc; name = CCParticleSystemPoint.m; path = libs/cocos2d/CCParticleSystemPoint.m; sourceTree = "<group>"; };
		6AEF4EBD14D9C27300BB85CC /* CCParticleSystemQuad.h */ = {isa = PBXFileReference; lastKnownFileType = sourcecode.c.h; name = CCParticleSystemQuad.h; path = libs/cocos2d/CCParticleSystemQuad.h; sourceTree = "<group>"; };
		6AEF4EBE14D9C27300BB85CC /* CCParticleSystemQuad.m */ = {isa = PBXFileReference; lastKnownFileType = sourcecode.c.objc; name = CCParticleSystemQuad.m; path = libs/cocos2d/CCParticleSystemQuad.m; sourceTree = "<group>"; };
		6AEF4EC014D9C27300BB85CC /* CCProgressTimer.h */ = {isa = PBXFileReference; lastKnownFileType = sourcecode.c.h; name = CCProgressTimer.h; path = libs/cocos2d/CCProgressTimer.h; sourceTree = "<group>"; };
		6AEF4EC114D9C27300BB85CC /* CCProgressTimer.m */ = {isa = PBXFileReference; lastKnownFileType = sourcecode.c.objc; name = CCProgressTimer.m; path = libs/cocos2d/CCProgressTimer.m; sourceTree = "<group>"; };
		6AEF4EC314D9C27300BB85CC /* CCProtocols.h */ = {isa = PBXFileReference; lastKnownFileType = sourcecode.c.h; name = CCProtocols.h; path = libs/cocos2d/CCProtocols.h; sourceTree = "<group>"; };
		6AEF4EC414D9C27300BB85CC /* CCRenderTexture.h */ = {isa = PBXFileReference; lastKnownFileType = sourcecode.c.h; name = CCRenderTexture.h; path = libs/cocos2d/CCRenderTexture.h; sourceTree = "<group>"; };
		6AEF4EC514D9C27300BB85CC /* CCRenderTexture.m */ = {isa = PBXFileReference; lastKnownFileType = sourcecode.c.objc; name = CCRenderTexture.m; path = libs/cocos2d/CCRenderTexture.m; sourceTree = "<group>"; };
		6AEF4EC714D9C27300BB85CC /* CCRibbon.h */ = {isa = PBXFileReference; lastKnownFileType = sourcecode.c.h; name = CCRibbon.h; path = libs/cocos2d/CCRibbon.h; sourceTree = "<group>"; };
		6AEF4EC814D9C27300BB85CC /* CCRibbon.m */ = {isa = PBXFileReference; lastKnownFileType = sourcecode.c.objc; name = CCRibbon.m; path = libs/cocos2d/CCRibbon.m; sourceTree = "<group>"; };
		6AEF4ECA14D9C27300BB85CC /* CCScene.h */ = {isa = PBXFileReference; lastKnownFileType = sourcecode.c.h; name = CCScene.h; path = libs/cocos2d/CCScene.h; sourceTree = "<group>"; };
		6AEF4ECB14D9C27300BB85CC /* CCScene.m */ = {isa = PBXFileReference; lastKnownFileType = sourcecode.c.objc; name = CCScene.m; path = libs/cocos2d/CCScene.m; sourceTree = "<group>"; };
		6AEF4ECD14D9C27300BB85CC /* CCScheduler.h */ = {isa = PBXFileReference; lastKnownFileType = sourcecode.c.h; name = CCScheduler.h; path = libs/cocos2d/CCScheduler.h; sourceTree = "<group>"; };
		6AEF4ECE14D9C27300BB85CC /* CCScheduler.m */ = {isa = PBXFileReference; lastKnownFileType = sourcecode.c.objc; name = CCScheduler.m; path = libs/cocos2d/CCScheduler.m; sourceTree = "<group>"; };
		6AEF4ED014D9C27300BB85CC /* CCSprite.h */ = {isa = PBXFileReference; lastKnownFileType = sourcecode.c.h; name = CCSprite.h; path = libs/cocos2d/CCSprite.h; sourceTree = "<group>"; };
		6AEF4ED114D9C27300BB85CC /* CCSprite.m */ = {isa = PBXFileReference; lastKnownFileType = sourcecode.c.objc; name = CCSprite.m; path = libs/cocos2d/CCSprite.m; sourceTree = "<group>"; };
		6AEF4ED314D9C27400BB85CC /* CCSpriteBatchNode.h */ = {isa = PBXFileReference; lastKnownFileType = sourcecode.c.h; name = CCSpriteBatchNode.h; path = libs/cocos2d/CCSpriteBatchNode.h; sourceTree = "<group>"; };
		6AEF4ED414D9C27400BB85CC /* CCSpriteBatchNode.m */ = {isa = PBXFileReference; lastKnownFileType = sourcecode.c.objc; name = CCSpriteBatchNode.m; path = libs/cocos2d/CCSpriteBatchNode.m; sourceTree = "<group>"; };
		6AEF4ED614D9C27400BB85CC /* CCSpriteFrame.h */ = {isa = PBXFileReference; lastKnownFileType = sourcecode.c.h; name = CCSpriteFrame.h; path = libs/cocos2d/CCSpriteFrame.h; sourceTree = "<group>"; };
		6AEF4ED714D9C27400BB85CC /* CCSpriteFrame.m */ = {isa = PBXFileReference; lastKnownFileType = sourcecode.c.objc; name = CCSpriteFrame.m; path = libs/cocos2d/CCSpriteFrame.m; sourceTree = "<group>"; };
		6AEF4ED914D9C27400BB85CC /* CCSpriteFrameCache.h */ = {isa = PBXFileReference; lastKnownFileType = sourcecode.c.h; name = CCSpriteFrameCache.h; path = libs/cocos2d/CCSpriteFrameCache.h; sourceTree = "<group>"; };
		6AEF4EDA14D9C27400BB85CC /* CCSpriteFrameCache.m */ = {isa = PBXFileReference; lastKnownFileType = sourcecode.c.objc; name = CCSpriteFrameCache.m; path = libs/cocos2d/CCSpriteFrameCache.m; sourceTree = "<group>"; };
		6AEF4EDC14D9C27400BB85CC /* CCTexture2D.h */ = {isa = PBXFileReference; lastKnownFileType = sourcecode.c.h; name = CCTexture2D.h; path = libs/cocos2d/CCTexture2D.h; sourceTree = "<group>"; };
		6AEF4EDD14D9C27400BB85CC /* CCTexture2D.m */ = {isa = PBXFileReference; lastKnownFileType = sourcecode.c.objc; name = CCTexture2D.m; path = libs/cocos2d/CCTexture2D.m; sourceTree = "<group>"; };
		6AEF4EDF14D9C27400BB85CC /* CCTextureAtlas.h */ = {isa = PBXFileReference; lastKnownFileType = sourcecode.c.h; name = CCTextureAtlas.h; path = libs/cocos2d/CCTextureAtlas.h; sourceTree = "<group>"; };
		6AEF4EE014D9C27400BB85CC /* CCTextureAtlas.m */ = {isa = PBXFileReference; lastKnownFileType = sourcecode.c.objc; name = CCTextureAtlas.m; path = libs/cocos2d/CCTextureAtlas.m; sourceTree = "<group>"; };
		6AEF4EE214D9C27400BB85CC /* CCTextureCache.h */ = {isa = PBXFileReference; lastKnownFileType = sourcecode.c.h; name = CCTextureCache.h; path = libs/cocos2d/CCTextureCache.h; sourceTree = "<group>"; };
		6AEF4EE314D9C27400BB85CC /* CCTextureCache.m */ = {isa = PBXFileReference; lastKnownFileType = sourcecode.c.objc; name = CCTextureCache.m; path = libs/cocos2d/CCTextureCache.m; sourceTree = "<group>"; };
		6AEF4EE514D9C27400BB85CC /* CCTexturePVR.h */ = {isa = PBXFileReference; lastKnownFileType = sourcecode.c.h; name = CCTexturePVR.h; path = libs/cocos2d/CCTexturePVR.h; sourceTree = "<group>"; };
		6AEF4EE614D9C27400BB85CC /* CCTexturePVR.m */ = {isa = PBXFileReference; lastKnownFileType = sourcecode.c.objc; name = CCTexturePVR.m; path = libs/cocos2d/CCTexturePVR.m; sourceTree = "<group>"; };
		6AEF4EE814D9C27400BB85CC /* CCTileMapAtlas.h */ = {isa = PBXFileReference; lastKnownFileType = sourcecode.c.h; name = CCTileMapAtlas.h; path = libs/cocos2d/CCTileMapAtlas.h; sourceTree = "<group>"; };
		6AEF4EE914D9C27400BB85CC /* CCTileMapAtlas.m */ = {isa = PBXFileReference; lastKnownFileType = sourcecode.c.objc; name = CCTileMapAtlas.m; path = libs/cocos2d/CCTileMapAtlas.m; sourceTree = "<group>"; };
		6AEF4EEB14D9C27400BB85CC /* CCTMXLayer.h */ = {isa = PBXFileReference; lastKnownFileType = sourcecode.c.h; name = CCTMXLayer.h; path = libs/cocos2d/CCTMXLayer.h; sourceTree = "<group>"; };
		6AEF4EEC14D9C27400BB85CC /* CCTMXLayer.m */ = {isa = PBXFileReference; lastKnownFileType = sourcecode.c.objc; name = CCTMXLayer.m; path = libs/cocos2d/CCTMXLayer.m; sourceTree = "<group>"; };
		6AEF4EEE14D9C27400BB85CC /* CCTMXObjectGroup.h */ = {isa = PBXFileReference; lastKnownFileType = sourcecode.c.h; name = CCTMXObjectGroup.h; path = libs/cocos2d/CCTMXObjectGroup.h; sourceTree = "<group>"; };
		6AEF4EEF14D9C27400BB85CC /* CCTMXObjectGroup.m */ = {isa = PBXFileReference; lastKnownFileType = sourcecode.c.objc; name = CCTMXObjectGroup.m; path = libs/cocos2d/CCTMXObjectGroup.m; sourceTree = "<group>"; };
		6AEF4EF114D9C27400BB85CC /* CCTMXTiledMap.h */ = {isa = PBXFileReference; lastKnownFileType = sourcecode.c.h; name = CCTMXTiledMap.h; path = libs/cocos2d/CCTMXTiledMap.h; sourceTree = "<group>"; };
		6AEF4EF214D9C27400BB85CC /* CCTMXTiledMap.m */ = {isa = PBXFileReference; lastKnownFileType = sourcecode.c.objc; name = CCTMXTiledMap.m; path = libs/cocos2d/CCTMXTiledMap.m; sourceTree = "<group>"; };
		6AEF4EF414D9C27400BB85CC /* CCTMXXMLParser.h */ = {isa = PBXFileReference; lastKnownFileType = sourcecode.c.h; name = CCTMXXMLParser.h; path = libs/cocos2d/CCTMXXMLParser.h; sourceTree = "<group>"; };
		6AEF4EF514D9C27400BB85CC /* CCTMXXMLParser.m */ = {isa = PBXFileReference; lastKnownFileType = sourcecode.c.objc; name = CCTMXXMLParser.m; path = libs/cocos2d/CCTMXXMLParser.m; sourceTree = "<group>"; };
		6AEF4EF714D9C27400BB85CC /* CCTransition.h */ = {isa = PBXFileReference; lastKnownFileType = sourcecode.c.h; name = CCTransition.h; path = libs/cocos2d/CCTransition.h; sourceTree = "<group>"; };
		6AEF4EF814D9C27400BB85CC /* CCTransition.m */ = {isa = PBXFileReference; lastKnownFileType = sourcecode.c.objc; name = CCTransition.m; path = libs/cocos2d/CCTransition.m; sourceTree = "<group>"; };
		6AEF4EFA14D9C27400BB85CC /* CCTransitionPageTurn.h */ = {isa = PBXFileReference; lastKnownFileType = sourcecode.c.h; name = CCTransitionPageTurn.h; path = libs/cocos2d/CCTransitionPageTurn.h; sourceTree = "<group>"; };
		6AEF4EFB14D9C27400BB85CC /* CCTransitionPageTurn.m */ = {isa = PBXFileReference; lastKnownFileType = sourcecode.c.objc; name = CCTransitionPageTurn.m; path = libs/cocos2d/CCTransitionPageTurn.m; sourceTree = "<group>"; };
		6AEF4EFD14D9C27400BB85CC /* CCTransitionRadial.h */ = {isa = PBXFileReference; lastKnownFileType = sourcecode.c.h; name = CCTransitionRadial.h; path = libs/cocos2d/CCTransitionRadial.h; sourceTree = "<group>"; };
		6AEF4EFE14D9C27400BB85CC /* CCTransitionRadial.m */ = {isa = PBXFileReference; lastKnownFileType = sourcecode.c.objc; name = CCTransitionRadial.m; path = libs/cocos2d/CCTransitionRadial.m; sourceTree = "<group>"; };
		6AEF4F0014D9C27400BB85CC /* ccTypes.h */ = {isa = PBXFileReference; lastKnownFileType = sourcecode.c.h; name = ccTypes.h; path = libs/cocos2d/ccTypes.h; sourceTree = "<group>"; };
		6AEF4F0114D9C27400BB85CC /* cocos2d.h */ = {isa = PBXFileReference; lastKnownFileType = sourcecode.c.h; name = cocos2d.h; path = libs/cocos2d/cocos2d.h; sourceTree = "<group>"; };
		6AEF4F0214D9C27400BB85CC /* cocos2d.m */ = {isa = PBXFileReference; lastKnownFileType = sourcecode.c.objc; name = cocos2d.m; path = libs/cocos2d/cocos2d.m; sourceTree = "<group>"; };
		6AEF4F0514D9C27400BB85CC /* CCGL.h */ = {isa = PBXFileReference; lastKnownFileType = sourcecode.c.h; name = CCGL.h; path = libs/cocos2d/Platforms/CCGL.h; sourceTree = "<group>"; };
		6AEF4F0614D9C27400BB85CC /* CCNS.h */ = {isa = PBXFileReference; lastKnownFileType = sourcecode.c.h; name = CCNS.h; path = libs/cocos2d/Platforms/CCNS.h; sourceTree = "<group>"; };
		6AEF4F0814D9C27400BB85CC /* CCDirectorIOS.h */ = {isa = PBXFileReference; lastKnownFileType = sourcecode.c.h; name = CCDirectorIOS.h; path = libs/cocos2d/Platforms/iOS/CCDirectorIOS.h; sourceTree = "<group>"; };
		6AEF4F0914D9C27400BB85CC /* CCDirectorIOS.m */ = {isa = PBXFileReference; lastKnownFileType = sourcecode.c.objc; name = CCDirectorIOS.m; path = libs/cocos2d/Platforms/iOS/CCDirectorIOS.m; sourceTree = "<group>"; };
		6AEF4F0B14D9C27400BB85CC /* CCTouchDelegateProtocol.h */ = {isa = PBXFileReference; lastKnownFileType = sourcecode.c.h; name = CCTouchDelegateProtocol.h; path = libs/cocos2d/Platforms/iOS/CCTouchDelegateProtocol.h; sourceTree = "<group>"; };
		6AEF4F0C14D9C27400BB85CC /* CCTouchDispatcher.h */ = {isa = PBXFileReference; lastKnownFileType = sourcecode.c.h; name = CCTouchDispatcher.h; path = libs/cocos2d/Platforms/iOS/CCTouchDispatcher.h; sourceTree = "<group>"; };
		6AEF4F0D14D9C27400BB85CC /* CCTouchDispatcher.m */ = {isa = PBXFileReference; lastKnownFileType = sourcecode.c.objc; name = CCTouchDispatcher.m; path = libs/cocos2d/Platforms/iOS/CCTouchDispatcher.m; sourceTree = "<group>"; };
		6AEF4F0F14D9C27400BB85CC /* CCTouchHandler.h */ = {isa = PBXFileReference; lastKnownFileType = sourcecode.c.h; name = CCTouchHandler.h; path = libs/cocos2d/Platforms/iOS/CCTouchHandler.h; sourceTree = "<group>"; };
		6AEF4F1014D9C27400BB85CC /* CCTouchHandler.m */ = {isa = PBXFileReference; lastKnownFileType = sourcecode.c.objc; name = CCTouchHandler.m; path = libs/cocos2d/Platforms/iOS/CCTouchHandler.m; sourceTree = "<group>"; };
		6AEF4F1214D9C27400BB85CC /* EAGLView.h */ = {isa = PBXFileReference; lastKnownFileType = sourcecode.c.h; name = EAGLView.h; path = libs/cocos2d/Platforms/iOS/EAGLView.h; sourceTree = "<group>"; };
		6AEF4F1314D9C27400BB85CC /* EAGLView.m */ = {isa = PBXFileReference; lastKnownFileType = sourcecode.c.objc; name = EAGLView.m; path = libs/cocos2d/Platforms/iOS/EAGLView.m; sourceTree = "<group>"; };
		6AEF4F1514D9C27400BB85CC /* ES1Renderer.h */ = {isa = PBXFileReference; lastKnownFileType = sourcecode.c.h; name = ES1Renderer.h; path = libs/cocos2d/Platforms/iOS/ES1Renderer.h; sourceTree = "<group>"; };
		6AEF4F1614D9C27400BB85CC /* ES1Renderer.m */ = {isa = PBXFileReference; lastKnownFileType = sourcecode.c.objc; name = ES1Renderer.m; path = libs/cocos2d/Platforms/iOS/ES1Renderer.m; sourceTree = "<group>"; };
		6AEF4F1814D9C27400BB85CC /* ESRenderer.h */ = {isa = PBXFileReference; lastKnownFileType = sourcecode.c.h; name = ESRenderer.h; path = libs/cocos2d/Platforms/iOS/ESRenderer.h; sourceTree = "<group>"; };
		6AEF4F1914D9C27400BB85CC /* glu.c */ = {isa = PBXFileReference; lastKnownFileType = sourcecode.c.c; name = glu.c; path = libs/cocos2d/Platforms/iOS/glu.c; sourceTree = "<group>"; };
		6AEF4F1B14D9C27400BB85CC /* glu.h */ = {isa = PBXFileReference; lastKnownFileType = sourcecode.c.h; name = glu.h; path = libs/cocos2d/Platforms/iOS/glu.h; sourceTree = "<group>"; };
		6AEF4F1D14D9C27400BB85CC /* CCDirectorMac.h */ = {isa = PBXFileReference; lastKnownFileType = sourcecode.c.h; name = CCDirectorMac.h; path = libs/cocos2d/Platforms/Mac/CCDirectorMac.h; sourceTree = "<group>"; };
		6AEF4F1E14D9C27400BB85CC /* CCDirectorMac.m */ = {isa = PBXFileReference; lastKnownFileType = sourcecode.c.objc; name = CCDirectorMac.m; path = libs/cocos2d/Platforms/Mac/CCDirectorMac.m; sourceTree = "<group>"; };
		6AEF4F2014D9C27400BB85CC /* CCEventDispatcher.h */ = {isa = PBXFileReference; lastKnownFileType = sourcecode.c.h; name = CCEventDispatcher.h; path = libs/cocos2d/Platforms/Mac/CCEventDispatcher.h; sourceTree = "<group>"; };
		6AEF4F2114D9C27400BB85CC /* CCEventDispatcher.m */ = {isa = PBXFileReference; lastKnownFileType = sourcecode.c.objc; name = CCEventDispatcher.m; path = libs/cocos2d/Platforms/Mac/CCEventDispatcher.m; sourceTree = "<group>"; };
		6AEF4F2314D9C27400BB85CC /* MacGLView.h */ = {isa = PBXFileReference; lastKnownFileType = sourcecode.c.h; name = MacGLView.h; path = libs/cocos2d/Platforms/Mac/MacGLView.h; sourceTree = "<group>"; };
		6AEF4F2414D9C27400BB85CC /* MacGLView.m */ = {isa = PBXFileReference; lastKnownFileType = sourcecode.c.objc; name = MacGLView.m; path = libs/cocos2d/Platforms/Mac/MacGLView.m; sourceTree = "<group>"; };
		6AEF4F2614D9C27400BB85CC /* MacWindow.h */ = {isa = PBXFileReference; lastKnownFileType = sourcecode.c.h; name = MacWindow.h; path = libs/cocos2d/Platforms/Mac/MacWindow.h; sourceTree = "<group>"; };
		6AEF4F2714D9C27400BB85CC /* MacWindow.m */ = {isa = PBXFileReference; lastKnownFileType = sourcecode.c.objc; name = MacWindow.m; path = libs/cocos2d/Platforms/Mac/MacWindow.m; sourceTree = "<group>"; };
		6AEF4F2A14D9C27400BB85CC /* base64.c */ = {isa = PBXFileReference; lastKnownFileType = sourcecode.c.c; name = base64.c; path = libs/cocos2d/Support/base64.c; sourceTree = "<group>"; };
		6AEF4F2C14D9C27400BB85CC /* base64.h */ = {isa = PBXFileReference; lastKnownFileType = sourcecode.c.h; name = base64.h; path = libs/cocos2d/Support/base64.h; sourceTree = "<group>"; };
		6AEF4F2D14D9C27400BB85CC /* CCArray.h */ = {isa = PBXFileReference; lastKnownFileType = sourcecode.c.h; name = CCArray.h; path = libs/cocos2d/Support/CCArray.h; sourceTree = "<group>"; };
		6AEF4F2E14D9C27400BB85CC /* CCArray.m */ = {isa = PBXFileReference; lastKnownFileType = sourcecode.c.objc; name = CCArray.m; path = libs/cocos2d/Support/CCArray.m; sourceTree = "<group>"; };
		6AEF4F3014D9C27400BB85CC /* ccCArray.h */ = {isa = PBXFileReference; lastKnownFileType = sourcecode.c.h; name = ccCArray.h; path = libs/cocos2d/Support/ccCArray.h; sourceTree = "<group>"; };
		6AEF4F3114D9C27400BB85CC /* CCFileUtils.h */ = {isa = PBXFileReference; lastKnownFileType = sourcecode.c.h; name = CCFileUtils.h; path = libs/cocos2d/Support/CCFileUtils.h; sourceTree = "<group>"; };
		6AEF4F3214D9C27400BB85CC /* CCFileUtils.m */ = {isa = PBXFileReference; lastKnownFileType = sourcecode.c.objc; name = CCFileUtils.m; path = libs/cocos2d/Support/CCFileUtils.m; sourceTree = "<group>"; };
		6AEF4F3414D9C27400BB85CC /* CCProfiling.h */ = {isa = PBXFileReference; lastKnownFileType = sourcecode.c.h; name = CCProfiling.h; path = libs/cocos2d/Support/CCProfiling.h; sourceTree = "<group>"; };
		6AEF4F3514D9C27400BB85CC /* CCProfiling.m */ = {isa = PBXFileReference; lastKnownFileType = sourcecode.c.objc; name = CCProfiling.m; path = libs/cocos2d/Support/CCProfiling.m; sourceTree = "<group>"; };
		6AEF4F3714D9C27400BB85CC /* ccUtils.c */ = {isa = PBXFileReference; lastKnownFileType = sourcecode.c.c; name = ccUtils.c; path = libs/cocos2d/Support/ccUtils.c; sourceTree = "<group>"; };
		6AEF4F3914D9C27400BB85CC /* ccUtils.h */ = {isa = PBXFileReference; lastKnownFileType = sourcecode.c.h; name = ccUtils.h; path = libs/cocos2d/Support/ccUtils.h; sourceTree = "<group>"; };
		6AEF4F3A14D9C27400BB85CC /* CGPointExtension.h */ = {isa = PBXFileReference; lastKnownFileType = sourcecode.c.h; name = CGPointExtension.h; path = libs/cocos2d/Support/CGPointExtension.h; sourceTree = "<group>"; };
		6AEF4F3B14D9C27400BB85CC /* CGPointExtension.m */ = {isa = PBXFileReference; lastKnownFileType = sourcecode.c.objc; name = CGPointExtension.m; path = libs/cocos2d/Support/CGPointExtension.m; sourceTree = "<group>"; };
		6AEF4F3D14D9C27400BB85CC /* OpenGL_Internal.h */ = {isa = PBXFileReference; lastKnownFileType = sourcecode.c.h; name = OpenGL_Internal.h; path = libs/cocos2d/Support/OpenGL_Internal.h; sourceTree = "<group>"; };
		6AEF4F3E14D9C27400BB85CC /* TGAlib.h */ = {isa = PBXFileReference; lastKnownFileType = sourcecode.c.h; name = TGAlib.h; path = libs/cocos2d/Support/TGAlib.h; sourceTree = "<group>"; };
		6AEF4F3F14D9C27400BB85CC /* TGAlib.m */ = {isa = PBXFileReference; lastKnownFileType = sourcecode.c.objc; name = TGAlib.m; path = libs/cocos2d/Support/TGAlib.m; sourceTree = "<group>"; };
		6AEF4F4114D9C27400BB85CC /* TransformUtils.h */ = {isa = PBXFileReference; lastKnownFileType = sourcecode.c.h; name = TransformUtils.h; path = libs/cocos2d/Support/TransformUtils.h; sourceTree = "<group>"; };
		6AEF4F4214D9C27400BB85CC /* TransformUtils.m */ = {isa = PBXFileReference; lastKnownFileType = sourcecode.c.objc; name = TransformUtils.m; path = libs/cocos2d/Support/TransformUtils.m; sourceTree = "<group>"; };
		6AEF4F4414D9C27400BB85CC /* uthash.h */ = {isa = PBXFileReference; lastKnownFileType = sourcecode.c.h; name = uthash.h; path = libs/cocos2d/Support/uthash.h; sourceTree = "<group>"; };
		6AEF4F4514D9C27400BB85CC /* utlist.h */ = {isa = PBXFileReference; lastKnownFileType = sourcecode.c.h; name = utlist.h; path = libs/cocos2d/Support/utlist.h; sourceTree = "<group>"; };
		6AEF4F4614D9C27400BB85CC /* ZipUtils.h */ = {isa = PBXFileReference; lastKnownFileType = sourcecode.c.h; name = ZipUtils.h; path = libs/cocos2d/Support/ZipUtils.h; sourceTree = "<group>"; };
		6AEF4F4714D9C27400BB85CC /* ZipUtils.m */ = {isa = PBXFileReference; lastKnownFileType = sourcecode.c.objc; name = ZipUtils.m; path = libs/cocos2d/Support/ZipUtils.m; sourceTree = "<group>"; };
		6AEF4F4914D9C27400BB85CC /* LICENSE_cocos2d.txt */ = {isa = PBXFileReference; lastKnownFileType = text; name = LICENSE_cocos2d.txt; path = libs/LICENSE_cocos2d.txt; sourceTree = "<group>"; };
		6AEF4F4B14D9C27400BB85CC /* CDAudioManager.h */ = {isa = PBXFileReference; lastKnownFileType = sourcecode.c.h; name = CDAudioManager.h; path = libs/CocosDenshion/CDAudioManager.h; sourceTree = "<group>"; };
		6AEF4F4C14D9C27400BB85CC /* CDAudioManager.m */ = {isa = PBXFileReference; lastKnownFileType = sourcecode.c.objc; name = CDAudioManager.m; path = libs/CocosDenshion/CDAudioManager.m; sourceTree = "<group>"; };
		6AEF4F4E14D9C27400BB85CC /* CDConfig.h */ = {isa = PBXFileReference; lastKnownFileType = sourcecode.c.h; name = CDConfig.h; path = libs/CocosDenshion/CDConfig.h; sourceTree = "<group>"; };
		6AEF4F4F14D9C27400BB85CC /* CDOpenALSupport.h */ = {isa = PBXFileReference; lastKnownFileType = sourcecode.c.h; name = CDOpenALSupport.h; path = libs/CocosDenshion/CDOpenALSupport.h; sourceTree = "<group>"; };
		6AEF4F5014D9C27400BB85CC /* CDOpenALSupport.m */ = {isa = PBXFileReference; lastKnownFileType = sourcecode.c.objc; name = CDOpenALSupport.m; path = libs/CocosDenshion/CDOpenALSupport.m; sourceTree = "<group>"; };
		6AEF4F5214D9C27400BB85CC /* CocosDenshion.h */ = {isa = PBXFileReference; lastKnownFileType = sourcecode.c.h; name = CocosDenshion.h; path = libs/CocosDenshion/CocosDenshion.h; sourceTree = "<group>"; };
		6AEF4F5314D9C27400BB85CC /* CocosDenshion.m */ = {isa = PBXFileReference; lastKnownFileType = sourcecode.c.objc; name = CocosDenshion.m; path = libs/CocosDenshion/CocosDenshion.m; sourceTree = "<group>"; };
		6AEF4F5514D9C27400BB85CC /* SimpleAudioEngine.h */ = {isa = PBXFileReference; lastKnownFileType = sourcecode.c.h; name = SimpleAudioEngine.h; path = libs/CocosDenshion/SimpleAudioEngine.h; sourceTree = "<group>"; };
		6AEF4F5614D9C27400BB85CC /* SimpleAudioEngine.m */ = {isa = PBXFileReference; lastKnownFileType = sourcecode.c.objc; name = SimpleAudioEngine.m; path = libs/CocosDenshion/SimpleAudioEngine.m; sourceTree = "<group>"; };
		6AEF4F5814D9C27400BB85CC /* LICENSE_CocosDenshion.txt */ = {isa = PBXFileReference; lastKnownFileType = text; name = LICENSE_CocosDenshion.txt; path = libs/LICENSE_CocosDenshion.txt; sourceTree = "<group>"; };
		6AEF4F5A14D9C27400BB85CC /* CLScoreServerPost.h */ = {isa = PBXFileReference; lastKnownFileType = sourcecode.c.h; name = CLScoreServerPost.h; path = libs/cocoslive/CLScoreServerPost.h; sourceTree = "<group>"; };
		6AEF4F5B14D9C27400BB85CC /* CLScoreServerPost.m */ = {isa = PBXFileReference; lastKnownFileType = sourcecode.c.objc; name = CLScoreServerPost.m; path = libs/cocoslive/CLScoreServerPost.m; sourceTree = "<group>"; };
		6AEF4F5D14D9C27400BB85CC /* CLScoreServerRequest.h */ = {isa = PBXFileReference; lastKnownFileType = sourcecode.c.h; name = CLScoreServerRequest.h; path = libs/cocoslive/CLScoreServerRequest.h; sourceTree = "<group>"; };
		6AEF4F5E14D9C27400BB85CC /* CLScoreServerRequest.m */ = {isa = PBXFileReference; lastKnownFileType = sourcecode.c.objc; name = CLScoreServerRequest.m; path = libs/cocoslive/CLScoreServerRequest.m; sourceTree = "<group>"; };
		6AEF4F6014D9C27400BB85CC /* cocoslive.h */ = {isa = PBXFileReference; lastKnownFileType = sourcecode.c.h; name = cocoslive.h; path = libs/cocoslive/cocoslive.h; sourceTree = "<group>"; };
		6AEF4F6114D9C27400BB85CC /* cocoslive.m */ = {isa = PBXFileReference; lastKnownFileType = sourcecode.c.objc; name = cocoslive.m; path = libs/cocoslive/cocoslive.m; sourceTree = "<group>"; };
		6AEF4F6314D9C27400BB85CC /* LICENSE_TouchJSON.txt */ = {isa = PBXFileReference; lastKnownFileType = text; name = LICENSE_TouchJSON.txt; path = libs/LICENSE_TouchJSON.txt; sourceTree = "<group>"; };
		6AEF4F6514D9C27400BB85CC /* CDataScanner.h */ = {isa = PBXFileReference; lastKnownFileType = sourcecode.c.h; name = CDataScanner.h; path = libs/TouchJSON/CDataScanner.h; sourceTree = "<group>"; };
		6AEF4F6614D9C27400BB85CC /* CDataScanner.m */ = {isa = PBXFileReference; lastKnownFileType = sourcecode.c.objc; name = CDataScanner.m; path = libs/TouchJSON/CDataScanner.m; sourceTree = "<group>"; };
		6AEF4F6914D9C27500BB85CC /* CDataScanner_Extensions.h */ = {isa = PBXFileReference; lastKnownFileType = sourcecode.c.h; name = CDataScanner_Extensions.h; path = libs/TouchJSON/Extensions/CDataScanner_Extensions.h; sourceTree = "<group>"; };
		6AEF4F6A14D9C27500BB85CC /* CDataScanner_Extensions.m */ = {isa = PBXFileReference; lastKnownFileType = sourcecode.c.objc; name = CDataScanner_Extensions.m; path = libs/TouchJSON/Extensions/CDataScanner_Extensions.m; sourceTree = "<group>"; };
		6AEF4F6C14D9C27500BB85CC /* NSDictionary_JSONExtensions.h */ = {isa = PBXFileReference; lastKnownFileType = sourcecode.c.h; name = NSDictionary_JSONExtensions.h; path = libs/TouchJSON/Extensions/NSDictionary_JSONExtensions.h; sourceTree = "<group>"; };
		6AEF4F6D14D9C27500BB85CC /* NSDictionary_JSONExtensions.m */ = {isa = PBXFileReference; lastKnownFileType = sourcecode.c.objc; name = NSDictionary_JSONExtensions.m; path = libs/TouchJSON/Extensions/NSDictionary_JSONExtensions.m; sourceTree = "<group>"; };
		6AEF4F7014D9C27500BB85CC /* CJSONDeserializer.h */ = {isa = PBXFileReference; lastKnownFileType = sourcecode.c.h; name = CJSONDeserializer.h; path = libs/TouchJSON/JSON/CJSONDeserializer.h; sourceTree = "<group>"; };
		6AEF4F7114D9C27500BB85CC /* CJSONDeserializer.m */ = {isa = PBXFileReference; lastKnownFileType = sourcecode.c.objc; name = CJSONDeserializer.m; path = libs/TouchJSON/JSON/CJSONDeserializer.m; sourceTree = "<group>"; };
		6AEF4F7314D9C27500BB85CC /* CJSONScanner.h */ = {isa = PBXFileReference; lastKnownFileType = sourcecode.c.h; name = CJSONScanner.h; path = libs/TouchJSON/JSON/CJSONScanner.h; sourceTree = "<group>"; };
		6AEF4F7414D9C27500BB85CC /* CJSONScanner.m */ = {isa = PBXFileReference; lastKnownFileType = sourcecode.c.objc; name = CJSONScanner.m; path = libs/TouchJSON/JSON/CJSONScanner.m; sourceTree = "<group>"; };
		6AEF4F7614D9C27500BB85CC /* CJSONSerializer.h */ = {isa = PBXFileReference; lastKnownFileType = sourcecode.c.h; name = CJSONSerializer.h; path = libs/TouchJSON/JSON/CJSONSerializer.h; sourceTree = "<group>"; };
		6AEF4F7714D9C27500BB85CC /* CJSONSerializer.m */ = {isa = PBXFileReference; lastKnownFileType = sourcecode.c.objc; name = CJSONSerializer.m; path = libs/TouchJSON/JSON/CJSONSerializer.m; sourceTree = "<group>"; };
		6AEF4F7914D9C27500BB85CC /* JSONRepresentation.h */ = {isa = PBXFileReference; lastKnownFileType = sourcecode.c.h; name = JSONRepresentation.h; path = libs/TouchJSON/JSON/JSONRepresentation.h; sourceTree = "<group>"; };
		6AEF4F7B14D9C27500BB85CC /* FontLabel.h */ = {isa = PBXFileReference; lastKnownFileType = sourcecode.c.h; name = FontLabel.h; path = libs/FontLabel/FontLabel.h; sourceTree = "<group>"; };
		6AEF4F7C14D9C27500BB85CC /* FontLabel.m */ = {isa = PBXFileReference; lastKnownFileType = sourcecode.c.objc; name = FontLabel.m; path = libs/FontLabel/FontLabel.m; sourceTree = "<group>"; };
		6AEF4F7E14D9C27500BB85CC /* FontLabelStringDrawing.h */ = {isa = PBXFileReference; lastKnownFileType = sourcecode.c.h; name = FontLabelStringDrawing.h; path = libs/FontLabel/FontLabelStringDrawing.h; sourceTree = "<group>"; };
		6AEF4F7F14D9C27500BB85CC /* FontLabelStringDrawing.m */ = {isa = PBXFileReference; lastKnownFileType = sourcecode.c.objc; name = FontLabelStringDrawing.m; path = libs/FontLabel/FontLabelStringDrawing.m; sourceTree = "<group>"; };
		6AEF4F8114D9C27500BB85CC /* FontManager.h */ = {isa = PBXFileReference; lastKnownFileType = sourcecode.c.h; name = FontManager.h; path = libs/FontLabel/FontManager.h; sourceTree = "<group>"; };
		6AEF4F8214D9C27500BB85CC /* FontManager.m */ = {isa = PBXFileReference; lastKnownFileType = sourcecode.c.objc; name = FontManager.m; path = libs/FontLabel/FontManager.m; sourceTree = "<group>"; };
		6AEF4F8414D9C27500BB85CC /* ZAttributedString.h */ = {isa = PBXFileReference; lastKnownFileType = sourcecode.c.h; name = ZAttributedString.h; path = libs/FontLabel/ZAttributedString.h; sourceTree = "<group>"; };
		6AEF4F8514D9C27500BB85CC /* ZAttributedString.m */ = {isa = PBXFileReference; lastKnownFileType = sourcecode.c.objc; name = ZAttributedString.m; path = libs/FontLabel/ZAttributedString.m; sourceTree = "<group>"; };
		6AEF4F8714D9C27500BB85CC /* ZAttributedStringPrivate.h */ = {isa = PBXFileReference; lastKnownFileType = sourcecode.c.h; name = ZAttributedStringPrivate.h; path = libs/FontLabel/ZAttributedStringPrivate.h; sourceTree = "<group>"; };
		6AEF4F8814D9C27500BB85CC /* ZFont.h */ = {isa = PBXFileReference; lastKnownFileType = sourcecode.c.h; name = ZFont.h; path = libs/FontLabel/ZFont.h; sourceTree = "<group>"; };
		6AEF4F8914D9C27500BB85CC /* ZFont.m */ = {isa = PBXFileReference; lastKnownFileType = sourcecode.c.objc; name = ZFont.m; path = libs/FontLabel/ZFont.m; sourceTree = "<group>"; };
		6AEF4F8B14D9C27500BB85CC /* LICENSE_FontLabel.txt */ = {isa = PBXFileReference; lastKnownFileType = text; name = LICENSE_FontLabel.txt; path = libs/LICENSE_FontLabel.txt; sourceTree = "<group>"; };
		6AEF4F8D14D9C27500BB85CC /* Prefix.pch */ = {isa = PBXFileReference; lastKnownFileType = sourcecode.c.h; path = Prefix.pch; sourceTree = "<group>"; };
		6AEF4F8E14D9C27500BB85CC /* main.m */ = {isa = PBXFileReference; lastKnownFileType = sourcecode.c.objc; path = main.m; sourceTree = "<group>"; };
		6AEF4F9014D9C27500BB85CC /* AppDelegate.h */ = {isa = PBXFileReference; lastKnownFileType = sourcecode.c.h; path = AppDelegate.h; sourceTree = "<group>"; };
		6AEF4F9114D9C27500BB85CC /* AppDelegate.m */ = {isa = PBXFileReference; lastKnownFileType = sourcecode.c.objc; path = AppDelegate.m; sourceTree = "<group>"; };
		6AEF4F9314D9C27500BB85CC /* RootViewController.h */ = {isa = PBXFileReference; lastKnownFileType = sourcecode.c.h; path = RootViewController.h; sourceTree = "<group>"; };
		6AEF4F9414D9C27500BB85CC /* RootViewController.m */ = {isa = PBXFileReference; lastKnownFileType = sourcecode.c.objc; path = RootViewController.m; sourceTree = "<group>"; };
		6AEF4F9614D9C27500BB85CC /* HelloWorldLayer.h */ = {isa = PBXFileReference; lastKnownFileType = sourcecode.c.h; path = HelloWorldLayer.h; sourceTree = "<group>"; };
		6AEF4F9714D9C27500BB85CC /* HelloWorldLayer.m */ = {isa = PBXFileReference; lastKnownFileType = sourcecode.c.objc; path = HelloWorldLayer.m; sourceTree = "<group>"; };
		6AEF4F9914D9C27500BB85CC /* GameConfig.h */ = {isa = PBXFileReference; lastKnownFileType = sourcecode.c.h; path = GameConfig.h; sourceTree = "<group>"; };
/* End PBXFileReference section */

/* Begin PBXFrameworksBuildPhase section */
		6AEF4E2714D9C27300BB85CC /* Frameworks */ = {
			isa = PBXFrameworksBuildPhase;
			buildActionMask = 2147483647;
			files = (
				6A8DE46B14D9D2B90031A740 /* libstdc++.dylib in Frameworks */,
				6AEF4E2F14D9C27300BB85CC /* QuartzCore.framework in Frameworks */,
				6AEF4E3114D9C27300BB85CC /* OpenGLES.framework in Frameworks */,
				6AEF4E3314D9C27300BB85CC /* OpenAL.framework in Frameworks */,
				6AEF4E3514D9C27300BB85CC /* AudioToolbox.framework in Frameworks */,
				6AEF4E3714D9C27300BB85CC /* AVFoundation.framework in Frameworks */,
				6AEF4E3914D9C27300BB85CC /* UIKit.framework in Frameworks */,
				6AEF4E3B14D9C27300BB85CC /* Foundation.framework in Frameworks */,
				6AEF4E3D14D9C27300BB85CC /* CoreGraphics.framework in Frameworks */,
			);
			runOnlyForDeploymentPostprocessing = 0;
		};
/* End PBXFrameworksBuildPhase section */

/* Begin PBXGroup section */
		6A0CAEFD14D9C48E00BB3AEE /* physics */ = {
			isa = PBXGroup;
			children = (
			);
			name = physics;
			sourceTree = "<group>";
		};
		6AB8048614DAF31000D25541 /* Products */ = {
			isa = PBXGroup;
			children = (
				6AB8048D14DAF31000D25541 /* libjelly.a */,
			);
			name = Products;
			sourceTree = "<group>";
		};
		6AEF4E1F14D9C27200BB85CC = {
			isa = PBXGroup;
			children = (
				6AB8048514DAF31000D25541 /* jelly.xcodeproj */,
				6AEF4E3E14D9C27300BB85CC /* jelly_test */,
				6AEF4E2D14D9C27300BB85CC /* Frameworks */,
				6AEF4E2B14D9C27300BB85CC /* Products */,
			);
			sourceTree = "<group>";
		};
		6AEF4E2B14D9C27300BB85CC /* Products */ = {
			isa = PBXGroup;
			children = (
				6AEF4E2A14D9C27300BB85CC /* jelly_test.app */,
			);
			name = Products;
			sourceTree = "<group>";
		};
		6AEF4E2D14D9C27300BB85CC /* Frameworks */ = {
			isa = PBXGroup;
			children = (
				6A8DE46A14D9D2B90031A740 /* libstdc++.dylib */,
				6AEF4E2E14D9C27300BB85CC /* QuartzCore.framework */,
				6AEF4E3014D9C27300BB85CC /* OpenGLES.framework */,
				6AEF4E3214D9C27300BB85CC /* OpenAL.framework */,
				6AEF4E3414D9C27300BB85CC /* AudioToolbox.framework */,
				6AEF4E3614D9C27300BB85CC /* AVFoundation.framework */,
				6AEF4E3814D9C27300BB85CC /* UIKit.framework */,
				6AEF4E3A14D9C27300BB85CC /* Foundation.framework */,
				6AEF4E3C14D9C27300BB85CC /* CoreGraphics.framework */,
			);
			name = Frameworks;
			sourceTree = "<group>";
		};
		6AEF4E3E14D9C27300BB85CC /* jelly_test */ = {
			isa = PBXGroup;
			children = (
				6AEF4F9014D9C27500BB85CC /* AppDelegate.h */,
				6AEF4F9114D9C27500BB85CC /* AppDelegate.m */,
				6AEF4F9314D9C27500BB85CC /* RootViewController.h */,
				6AEF4F9414D9C27500BB85CC /* RootViewController.m */,
				6AEF4F9614D9C27500BB85CC /* HelloWorldLayer.h */,
				6AEF4F9714D9C27500BB85CC /* HelloWorldLayer.m */,
				6A8DE48814D9F4FF0031A740 /* JellyVisual.h */,
				6A8DE48914D9F4FF0031A740 /* JellyVisual.m */,
				6AEF4F9914D9C27500BB85CC /* GameConfig.h */,
				6AEF4E3F14D9C27300BB85CC /* Resources */,
				6AEF4E5314D9C27300BB85CC /* libs */,
				6AEF4F8C14D9C27500BB85CC /* Supporting Files */,
			);
			path = jelly_test;
			sourceTree = "<group>";
		};
		6AEF4E3F14D9C27300BB85CC /* Resources */ = {
			isa = PBXGroup;
			children = (
				6AEF4E4014D9C27300BB85CC /* Default.png */,
				6AEF4E4214D9C27300BB85CC /* fps_images.png */,
				6AEF4E4414D9C27300BB85CC /* Icon-72.png */,
				6AEF4E4614D9C27300BB85CC /* Icon-Small-50.png */,
				6AEF4E4814D9C27300BB85CC /* Icon-Small.png */,
				6AEF4E4A14D9C27300BB85CC /* Icon-Small@2x.png */,
				6AEF4E4C14D9C27300BB85CC /* Icon.png */,
				6AEF4E4E14D9C27300BB85CC /* Icon@2x.png */,
				6AEF4E5014D9C27300BB85CC /* Info.plist */,
				6AEF4E5114D9C27300BB85CC /* iTunesArtwork */,
			);
			name = Resources;
			sourceTree = "<group>";
		};
		6AEF4E5314D9C27300BB85CC /* libs */ = {
			isa = PBXGroup;
			children = (
				6AEF4F4914D9C27400BB85CC /* LICENSE_cocos2d.txt */,
				6AEF4F5814D9C27400BB85CC /* LICENSE_CocosDenshion.txt */,
				6AEF4F6314D9C27400BB85CC /* LICENSE_TouchJSON.txt */,
				6AEF4F8B14D9C27500BB85CC /* LICENSE_FontLabel.txt */,
				6AEF4E5414D9C27300BB85CC /* cocos2d */,
				6AEF4F4A14D9C27400BB85CC /* CocosDenshion */,
				6AEF4F5914D9C27400BB85CC /* cocoslive */,
				6AEF4F6414D9C27400BB85CC /* TouchJSON */,
				6AEF4F7A14D9C27500BB85CC /* FontLabel */,
			);
			name = libs;
			sourceTree = "<group>";
		};
		6AEF4E5414D9C27300BB85CC /* cocos2d */ = {
			isa = PBXGroup;
			children = (
				6AEF4E5514D9C27300BB85CC /* CCAction.h */,
				6AEF4E5614D9C27300BB85CC /* CCAction.m */,
				6AEF4E5814D9C27300BB85CC /* CCActionCamera.h */,
				6AEF4E5914D9C27300BB85CC /* CCActionCamera.m */,
				6AEF4E5B14D9C27300BB85CC /* CCActionEase.h */,
				6AEF4E5C14D9C27300BB85CC /* CCActionEase.m */,
				6AEF4E5E14D9C27300BB85CC /* CCActionGrid.h */,
				6AEF4E5F14D9C27300BB85CC /* CCActionGrid.m */,
				6AEF4E6114D9C27300BB85CC /* CCActionGrid3D.h */,
				6AEF4E6214D9C27300BB85CC /* CCActionGrid3D.m */,
				6AEF4E6414D9C27300BB85CC /* CCActionInstant.h */,
				6AEF4E6514D9C27300BB85CC /* CCActionInstant.m */,
				6AEF4E6714D9C27300BB85CC /* CCActionInterval.h */,
				6AEF4E6814D9C27300BB85CC /* CCActionInterval.m */,
				6AEF4E6A14D9C27300BB85CC /* CCActionManager.h */,
				6AEF4E6B14D9C27300BB85CC /* CCActionManager.m */,
				6AEF4E6D14D9C27300BB85CC /* CCActionPageTurn3D.h */,
				6AEF4E6E14D9C27300BB85CC /* CCActionPageTurn3D.m */,
				6AEF4E7014D9C27300BB85CC /* CCActionProgressTimer.h */,
				6AEF4E7114D9C27300BB85CC /* CCActionProgressTimer.m */,
				6AEF4E7314D9C27300BB85CC /* CCActionTiledGrid.h */,
				6AEF4E7414D9C27300BB85CC /* CCActionTiledGrid.m */,
				6AEF4E7614D9C27300BB85CC /* CCActionTween.h */,
				6AEF4E7714D9C27300BB85CC /* CCActionTween.m */,
				6AEF4E7914D9C27300BB85CC /* CCAnimation.h */,
				6AEF4E7A14D9C27300BB85CC /* CCAnimation.m */,
				6AEF4E7C14D9C27300BB85CC /* CCAnimationCache.h */,
				6AEF4E7D14D9C27300BB85CC /* CCAnimationCache.m */,
				6AEF4E7F14D9C27300BB85CC /* CCAtlasNode.h */,
				6AEF4E8014D9C27300BB85CC /* CCAtlasNode.m */,
				6AEF4E8214D9C27300BB85CC /* CCBlockSupport.h */,
				6AEF4E8314D9C27300BB85CC /* CCBlockSupport.m */,
				6AEF4E8514D9C27300BB85CC /* CCCamera.h */,
				6AEF4E8614D9C27300BB85CC /* CCCamera.m */,
				6AEF4E8814D9C27300BB85CC /* ccConfig.h */,
				6AEF4E8914D9C27300BB85CC /* CCConfiguration.h */,
				6AEF4E8A14D9C27300BB85CC /* CCConfiguration.m */,
				6AEF4E8C14D9C27300BB85CC /* CCDirector.h */,
				6AEF4E8D14D9C27300BB85CC /* CCDirector.m */,
				6AEF4E8F14D9C27300BB85CC /* CCDrawingPrimitives.h */,
				6AEF4E9014D9C27300BB85CC /* CCDrawingPrimitives.m */,
				6AEF4E9214D9C27300BB85CC /* CCGrabber.h */,
				6AEF4E9314D9C27300BB85CC /* CCGrabber.m */,
				6AEF4E9514D9C27300BB85CC /* CCGrid.h */,
				6AEF4E9614D9C27300BB85CC /* CCGrid.m */,
				6AEF4E9814D9C27300BB85CC /* CCLabelAtlas.h */,
				6AEF4E9914D9C27300BB85CC /* CCLabelAtlas.m */,
				6AEF4E9B14D9C27300BB85CC /* CCLabelBMFont.h */,
				6AEF4E9C14D9C27300BB85CC /* CCLabelBMFont.m */,
				6AEF4E9E14D9C27300BB85CC /* CCLabelTTF.h */,
				6AEF4E9F14D9C27300BB85CC /* CCLabelTTF.m */,
				6AEF4EA114D9C27300BB85CC /* CCLayer.h */,
				6AEF4EA214D9C27300BB85CC /* CCLayer.m */,
				6AEF4EA414D9C27300BB85CC /* ccMacros.h */,
				6AEF4EA514D9C27300BB85CC /* CCMenu.h */,
				6AEF4EA614D9C27300BB85CC /* CCMenu.m */,
				6AEF4EA814D9C27300BB85CC /* CCMenuItem.h */,
				6AEF4EA914D9C27300BB85CC /* CCMenuItem.m */,
				6AEF4EAB14D9C27300BB85CC /* CCMotionStreak.h */,
				6AEF4EAC14D9C27300BB85CC /* CCMotionStreak.m */,
				6AEF4EAE14D9C27300BB85CC /* CCNode.h */,
				6AEF4EAF14D9C27300BB85CC /* CCNode.m */,
				6AEF4EB114D9C27300BB85CC /* CCParallaxNode.h */,
				6AEF4EB214D9C27300BB85CC /* CCParallaxNode.m */,
				6AEF4EB414D9C27300BB85CC /* CCParticleExamples.h */,
				6AEF4EB514D9C27300BB85CC /* CCParticleExamples.m */,
				6AEF4EB714D9C27300BB85CC /* CCParticleSystem.h */,
				6AEF4EB814D9C27300BB85CC /* CCParticleSystem.m */,
				6AEF4EBA14D9C27300BB85CC /* CCParticleSystemPoint.h */,
				6AEF4EBB14D9C27300BB85CC /* CCParticleSystemPoint.m */,
				6AEF4EBD14D9C27300BB85CC /* CCParticleSystemQuad.h */,
				6AEF4EBE14D9C27300BB85CC /* CCParticleSystemQuad.m */,
				6AEF4EC014D9C27300BB85CC /* CCProgressTimer.h */,
				6AEF4EC114D9C27300BB85CC /* CCProgressTimer.m */,
				6AEF4EC314D9C27300BB85CC /* CCProtocols.h */,
				6AEF4EC414D9C27300BB85CC /* CCRenderTexture.h */,
				6AEF4EC514D9C27300BB85CC /* CCRenderTexture.m */,
				6AEF4EC714D9C27300BB85CC /* CCRibbon.h */,
				6AEF4EC814D9C27300BB85CC /* CCRibbon.m */,
				6AEF4ECA14D9C27300BB85CC /* CCScene.h */,
				6AEF4ECB14D9C27300BB85CC /* CCScene.m */,
				6AEF4ECD14D9C27300BB85CC /* CCScheduler.h */,
				6AEF4ECE14D9C27300BB85CC /* CCScheduler.m */,
				6AEF4ED014D9C27300BB85CC /* CCSprite.h */,
				6AEF4ED114D9C27300BB85CC /* CCSprite.m */,
				6AEF4ED314D9C27400BB85CC /* CCSpriteBatchNode.h */,
				6AEF4ED414D9C27400BB85CC /* CCSpriteBatchNode.m */,
				6AEF4ED614D9C27400BB85CC /* CCSpriteFrame.h */,
				6AEF4ED714D9C27400BB85CC /* CCSpriteFrame.m */,
				6AEF4ED914D9C27400BB85CC /* CCSpriteFrameCache.h */,
				6AEF4EDA14D9C27400BB85CC /* CCSpriteFrameCache.m */,
				6AEF4EDC14D9C27400BB85CC /* CCTexture2D.h */,
				6AEF4EDD14D9C27400BB85CC /* CCTexture2D.m */,
				6AEF4EDF14D9C27400BB85CC /* CCTextureAtlas.h */,
				6AEF4EE014D9C27400BB85CC /* CCTextureAtlas.m */,
				6AEF4EE214D9C27400BB85CC /* CCTextureCache.h */,
				6AEF4EE314D9C27400BB85CC /* CCTextureCache.m */,
				6AEF4EE514D9C27400BB85CC /* CCTexturePVR.h */,
				6AEF4EE614D9C27400BB85CC /* CCTexturePVR.m */,
				6AEF4EE814D9C27400BB85CC /* CCTileMapAtlas.h */,
				6AEF4EE914D9C27400BB85CC /* CCTileMapAtlas.m */,
				6AEF4EEB14D9C27400BB85CC /* CCTMXLayer.h */,
				6AEF4EEC14D9C27400BB85CC /* CCTMXLayer.m */,
				6AEF4EEE14D9C27400BB85CC /* CCTMXObjectGroup.h */,
				6AEF4EEF14D9C27400BB85CC /* CCTMXObjectGroup.m */,
				6AEF4EF114D9C27400BB85CC /* CCTMXTiledMap.h */,
				6AEF4EF214D9C27400BB85CC /* CCTMXTiledMap.m */,
				6AEF4EF414D9C27400BB85CC /* CCTMXXMLParser.h */,
				6AEF4EF514D9C27400BB85CC /* CCTMXXMLParser.m */,
				6AEF4EF714D9C27400BB85CC /* CCTransition.h */,
				6AEF4EF814D9C27400BB85CC /* CCTransition.m */,
				6AEF4EFA14D9C27400BB85CC /* CCTransitionPageTurn.h */,
				6AEF4EFB14D9C27400BB85CC /* CCTransitionPageTurn.m */,
				6AEF4EFD14D9C27400BB85CC /* CCTransitionRadial.h */,
				6AEF4EFE14D9C27400BB85CC /* CCTransitionRadial.m */,
				6AEF4F0014D9C27400BB85CC /* ccTypes.h */,
				6AEF4F0114D9C27400BB85CC /* cocos2d.h */,
				6AEF4F0214D9C27400BB85CC /* cocos2d.m */,
				6AEF4F0414D9C27400BB85CC /* Platforms */,
				6AEF4F2914D9C27400BB85CC /* Support */,
			);
			name = cocos2d;
			sourceTree = "<group>";
		};
		6AEF4F0414D9C27400BB85CC /* Platforms */ = {
			isa = PBXGroup;
			children = (
				6AEF4F0514D9C27400BB85CC /* CCGL.h */,
				6AEF4F0614D9C27400BB85CC /* CCNS.h */,
				6AEF4F0714D9C27400BB85CC /* iOS */,
				6AEF4F1C14D9C27400BB85CC /* Mac */,
			);
			name = Platforms;
			sourceTree = "<group>";
		};
		6AEF4F0714D9C27400BB85CC /* iOS */ = {
			isa = PBXGroup;
			children = (
				6AEF4F0814D9C27400BB85CC /* CCDirectorIOS.h */,
				6AEF4F0914D9C27400BB85CC /* CCDirectorIOS.m */,
				6AEF4F0B14D9C27400BB85CC /* CCTouchDelegateProtocol.h */,
				6AEF4F0C14D9C27400BB85CC /* CCTouchDispatcher.h */,
				6AEF4F0D14D9C27400BB85CC /* CCTouchDispatcher.m */,
				6AEF4F0F14D9C27400BB85CC /* CCTouchHandler.h */,
				6AEF4F1014D9C27400BB85CC /* CCTouchHandler.m */,
				6AEF4F1214D9C27400BB85CC /* EAGLView.h */,
				6AEF4F1314D9C27400BB85CC /* EAGLView.m */,
				6AEF4F1514D9C27400BB85CC /* ES1Renderer.h */,
				6AEF4F1614D9C27400BB85CC /* ES1Renderer.m */,
				6AEF4F1814D9C27400BB85CC /* ESRenderer.h */,
				6AEF4F1914D9C27400BB85CC /* glu.c */,
				6AEF4F1B14D9C27400BB85CC /* glu.h */,
			);
			name = iOS;
			sourceTree = "<group>";
		};
		6AEF4F1C14D9C27400BB85CC /* Mac */ = {
			isa = PBXGroup;
			children = (
				6AEF4F1D14D9C27400BB85CC /* CCDirectorMac.h */,
				6AEF4F1E14D9C27400BB85CC /* CCDirectorMac.m */,
				6AEF4F2014D9C27400BB85CC /* CCEventDispatcher.h */,
				6AEF4F2114D9C27400BB85CC /* CCEventDispatcher.m */,
				6AEF4F2314D9C27400BB85CC /* MacGLView.h */,
				6AEF4F2414D9C27400BB85CC /* MacGLView.m */,
				6AEF4F2614D9C27400BB85CC /* MacWindow.h */,
				6AEF4F2714D9C27400BB85CC /* MacWindow.m */,
			);
			name = Mac;
			sourceTree = "<group>";
		};
		6AEF4F2914D9C27400BB85CC /* Support */ = {
			isa = PBXGroup;
			children = (
				6AEF4F2A14D9C27400BB85CC /* base64.c */,
				6AEF4F2C14D9C27400BB85CC /* base64.h */,
				6AEF4F2D14D9C27400BB85CC /* CCArray.h */,
				6AEF4F2E14D9C27400BB85CC /* CCArray.m */,
				6AEF4F3014D9C27400BB85CC /* ccCArray.h */,
				6AEF4F3114D9C27400BB85CC /* CCFileUtils.h */,
				6AEF4F3214D9C27400BB85CC /* CCFileUtils.m */,
				6AEF4F3414D9C27400BB85CC /* CCProfiling.h */,
				6AEF4F3514D9C27400BB85CC /* CCProfiling.m */,
				6AEF4F3714D9C27400BB85CC /* ccUtils.c */,
				6AEF4F3914D9C27400BB85CC /* ccUtils.h */,
				6AEF4F3A14D9C27400BB85CC /* CGPointExtension.h */,
				6AEF4F3B14D9C27400BB85CC /* CGPointExtension.m */,
				6AEF4F3D14D9C27400BB85CC /* OpenGL_Internal.h */,
				6AEF4F3E14D9C27400BB85CC /* TGAlib.h */,
				6AEF4F3F14D9C27400BB85CC /* TGAlib.m */,
				6AEF4F4114D9C27400BB85CC /* TransformUtils.h */,
				6AEF4F4214D9C27400BB85CC /* TransformUtils.m */,
				6AEF4F4414D9C27400BB85CC /* uthash.h */,
				6AEF4F4514D9C27400BB85CC /* utlist.h */,
				6AEF4F4614D9C27400BB85CC /* ZipUtils.h */,
				6AEF4F4714D9C27400BB85CC /* ZipUtils.m */,
			);
			name = Support;
			sourceTree = "<group>";
		};
		6AEF4F4A14D9C27400BB85CC /* CocosDenshion */ = {
			isa = PBXGroup;
			children = (
				6AEF4F4B14D9C27400BB85CC /* CDAudioManager.h */,
				6AEF4F4C14D9C27400BB85CC /* CDAudioManager.m */,
				6AEF4F4E14D9C27400BB85CC /* CDConfig.h */,
				6AEF4F4F14D9C27400BB85CC /* CDOpenALSupport.h */,
				6AEF4F5014D9C27400BB85CC /* CDOpenALSupport.m */,
				6AEF4F5214D9C27400BB85CC /* CocosDenshion.h */,
				6AEF4F5314D9C27400BB85CC /* CocosDenshion.m */,
				6AEF4F5514D9C27400BB85CC /* SimpleAudioEngine.h */,
				6AEF4F5614D9C27400BB85CC /* SimpleAudioEngine.m */,
			);
			name = CocosDenshion;
			sourceTree = "<group>";
		};
		6AEF4F5914D9C27400BB85CC /* cocoslive */ = {
			isa = PBXGroup;
			children = (
				6AEF4F5A14D9C27400BB85CC /* CLScoreServerPost.h */,
				6AEF4F5B14D9C27400BB85CC /* CLScoreServerPost.m */,
				6AEF4F5D14D9C27400BB85CC /* CLScoreServerRequest.h */,
				6AEF4F5E14D9C27400BB85CC /* CLScoreServerRequest.m */,
				6AEF4F6014D9C27400BB85CC /* cocoslive.h */,
				6AEF4F6114D9C27400BB85CC /* cocoslive.m */,
			);
			name = cocoslive;
			sourceTree = "<group>";
		};
		6AEF4F6414D9C27400BB85CC /* TouchJSON */ = {
			isa = PBXGroup;
			children = (
				6AEF4F6514D9C27400BB85CC /* CDataScanner.h */,
				6AEF4F6614D9C27400BB85CC /* CDataScanner.m */,
				6AEF4F6814D9C27500BB85CC /* Extensions */,
				6AEF4F6F14D9C27500BB85CC /* JSON */,
			);
			name = TouchJSON;
			sourceTree = "<group>";
		};
		6AEF4F6814D9C27500BB85CC /* Extensions */ = {
			isa = PBXGroup;
			children = (
				6AEF4F6914D9C27500BB85CC /* CDataScanner_Extensions.h */,
				6AEF4F6A14D9C27500BB85CC /* CDataScanner_Extensions.m */,
				6AEF4F6C14D9C27500BB85CC /* NSDictionary_JSONExtensions.h */,
				6AEF4F6D14D9C27500BB85CC /* NSDictionary_JSONExtensions.m */,
			);
			name = Extensions;
			sourceTree = "<group>";
		};
		6AEF4F6F14D9C27500BB85CC /* JSON */ = {
			isa = PBXGroup;
			children = (
				6AEF4F7014D9C27500BB85CC /* CJSONDeserializer.h */,
				6AEF4F7114D9C27500BB85CC /* CJSONDeserializer.m */,
				6AEF4F7314D9C27500BB85CC /* CJSONScanner.h */,
				6AEF4F7414D9C27500BB85CC /* CJSONScanner.m */,
				6AEF4F7614D9C27500BB85CC /* CJSONSerializer.h */,
				6AEF4F7714D9C27500BB85CC /* CJSONSerializer.m */,
				6AEF4F7914D9C27500BB85CC /* JSONRepresentation.h */,
			);
			name = JSON;
			sourceTree = "<group>";
		};
		6AEF4F7A14D9C27500BB85CC /* FontLabel */ = {
			isa = PBXGroup;
			children = (
				6AEF4F7B14D9C27500BB85CC /* FontLabel.h */,
				6AEF4F7C14D9C27500BB85CC /* FontLabel.m */,
				6AEF4F7E14D9C27500BB85CC /* FontLabelStringDrawing.h */,
				6AEF4F7F14D9C27500BB85CC /* FontLabelStringDrawing.m */,
				6AEF4F8114D9C27500BB85CC /* FontManager.h */,
				6AEF4F8214D9C27500BB85CC /* FontManager.m */,
				6AEF4F8414D9C27500BB85CC /* ZAttributedString.h */,
				6AEF4F8514D9C27500BB85CC /* ZAttributedString.m */,
				6AEF4F8714D9C27500BB85CC /* ZAttributedStringPrivate.h */,
				6AEF4F8814D9C27500BB85CC /* ZFont.h */,
				6AEF4F8914D9C27500BB85CC /* ZFont.m */,
			);
			name = FontLabel;
			sourceTree = "<group>";
		};
		6AEF4F8C14D9C27500BB85CC /* Supporting Files */ = {
			isa = PBXGroup;
			children = (
				6AEF4F8D14D9C27500BB85CC /* Prefix.pch */,
				6AEF4F8E14D9C27500BB85CC /* main.m */,
			);
			name = "Supporting Files";
			sourceTree = "<group>";
		};
/* End PBXGroup section */

/* Begin PBXNativeTarget section */
		6AEF4E2914D9C27300BB85CC /* jelly_test */ = {
			isa = PBXNativeTarget;
			buildConfigurationList = 6AEF4F9C14D9C27500BB85CC /* Build configuration list for PBXNativeTarget "jelly_test" */;
			buildPhases = (
				6AEF4E2614D9C27300BB85CC /* Sources */,
				6AEF4E2714D9C27300BB85CC /* Frameworks */,
				6AEF4E2814D9C27300BB85CC /* Resources */,
			);
			buildRules = (
			);
			dependencies = (
			);
			name = jelly_test;
			productName = jelly_test;
			productReference = 6AEF4E2A14D9C27300BB85CC /* jelly_test.app */;
			productType = "com.apple.product-type.application";
		};
/* End PBXNativeTarget section */

/* Begin PBXProject section */
		6AEF4E2114D9C27200BB85CC /* Project object */ = {
			isa = PBXProject;
			attributes = {
				LastUpgradeCheck = 0420;
			};
			buildConfigurationList = 6AEF4E2414D9C27200BB85CC /* Build configuration list for PBXProject "jelly_test" */;
			compatibilityVersion = "Xcode 3.2";
			developmentRegion = English;
			hasScannedForEncodings = 0;
			knownRegions = (
				en,
			);
			mainGroup = 6AEF4E1F14D9C27200BB85CC;
			productRefGroup = 6AEF4E2B14D9C27300BB85CC /* Products */;
			projectDirPath = "";
			projectReferences = (
				{
					ProductGroup = 6AB8048614DAF31000D25541 /* Products */;
					ProjectRef = 6AB8048514DAF31000D25541 /* jelly.xcodeproj */;
				},
			);
			projectRoot = "";
			targets = (
				6AEF4E2914D9C27300BB85CC /* jelly_test */,
			);
		};
/* End PBXProject section */

/* Begin PBXReferenceProxy section */
		6AB8048D14DAF31000D25541 /* libjelly.a */ = {
			isa = PBXReferenceProxy;
			fileType = archive.ar;
			path = libjelly.a;
			remoteRef = 6AB8048C14DAF31000D25541 /* PBXContainerItemProxy */;
			sourceTree = BUILT_PRODUCTS_DIR;
		};
/* End PBXReferenceProxy section */

/* Begin PBXResourcesBuildPhase section */
		6AEF4E2814D9C27300BB85CC /* Resources */ = {
			isa = PBXResourcesBuildPhase;
			buildActionMask = 2147483647;
			files = (
				6AEF4E4114D9C27300BB85CC /* Default.png in Resources */,
				6AEF4E4314D9C27300BB85CC /* fps_images.png in Resources */,
				6AEF4E4514D9C27300BB85CC /* Icon-72.png in Resources */,
				6AEF4E4714D9C27300BB85CC /* Icon-Small-50.png in Resources */,
				6AEF4E4914D9C27300BB85CC /* Icon-Small.png in Resources */,
				6AEF4E4B14D9C27300BB85CC /* Icon-Small@2x.png in Resources */,
				6AEF4E4D14D9C27300BB85CC /* Icon.png in Resources */,
				6AEF4E4F14D9C27300BB85CC /* Icon@2x.png in Resources */,
				6AEF4E5214D9C27300BB85CC /* iTunesArtwork in Resources */,
			);
			runOnlyForDeploymentPostprocessing = 0;
		};
/* End PBXResourcesBuildPhase section */

/* Begin PBXSourcesBuildPhase section */
		6AEF4E2614D9C27300BB85CC /* Sources */ = {
			isa = PBXSourcesBuildPhase;
			buildActionMask = 2147483647;
			files = (
				6AEF4E5714D9C27300BB85CC /* CCAction.m in Sources */,
				6AEF4E5A14D9C27300BB85CC /* CCActionCamera.m in Sources */,
				6AEF4E5D14D9C27300BB85CC /* CCActionEase.m in Sources */,
				6AEF4E6014D9C27300BB85CC /* CCActionGrid.m in Sources */,
				6AEF4E6314D9C27300BB85CC /* CCActionGrid3D.m in Sources */,
				6AEF4E6614D9C27300BB85CC /* CCActionInstant.m in Sources */,
				6AEF4E6914D9C27300BB85CC /* CCActionInterval.m in Sources */,
				6AEF4E6C14D9C27300BB85CC /* CCActionManager.m in Sources */,
				6AEF4E6F14D9C27300BB85CC /* CCActionPageTurn3D.m in Sources */,
				6AEF4E7214D9C27300BB85CC /* CCActionProgressTimer.m in Sources */,
				6AEF4E7514D9C27300BB85CC /* CCActionTiledGrid.m in Sources */,
				6AEF4E7814D9C27300BB85CC /* CCActionTween.m in Sources */,
				6AEF4E7B14D9C27300BB85CC /* CCAnimation.m in Sources */,
				6AEF4E7E14D9C27300BB85CC /* CCAnimationCache.m in Sources */,
				6AEF4E8114D9C27300BB85CC /* CCAtlasNode.m in Sources */,
				6AEF4E8414D9C27300BB85CC /* CCBlockSupport.m in Sources */,
				6AEF4E8714D9C27300BB85CC /* CCCamera.m in Sources */,
				6AEF4E8B14D9C27300BB85CC /* CCConfiguration.m in Sources */,
				6AEF4E8E14D9C27300BB85CC /* CCDirector.m in Sources */,
				6AEF4E9114D9C27300BB85CC /* CCDrawingPrimitives.m in Sources */,
				6AEF4E9414D9C27300BB85CC /* CCGrabber.m in Sources */,
				6AEF4E9714D9C27300BB85CC /* CCGrid.m in Sources */,
				6AEF4E9A14D9C27300BB85CC /* CCLabelAtlas.m in Sources */,
				6AEF4E9D14D9C27300BB85CC /* CCLabelBMFont.m in Sources */,
				6AEF4EA014D9C27300BB85CC /* CCLabelTTF.m in Sources */,
				6AEF4EA314D9C27300BB85CC /* CCLayer.m in Sources */,
				6AEF4EA714D9C27300BB85CC /* CCMenu.m in Sources */,
				6AEF4EAA14D9C27300BB85CC /* CCMenuItem.m in Sources */,
				6AEF4EAD14D9C27300BB85CC /* CCMotionStreak.m in Sources */,
				6AEF4EB014D9C27300BB85CC /* CCNode.m in Sources */,
				6AEF4EB314D9C27300BB85CC /* CCParallaxNode.m in Sources */,
				6AEF4EB614D9C27300BB85CC /* CCParticleExamples.m in Sources */,
				6AEF4EB914D9C27300BB85CC /* CCParticleSystem.m in Sources */,
				6AEF4EBC14D9C27300BB85CC /* CCParticleSystemPoint.m in Sources */,
				6AEF4EBF14D9C27300BB85CC /* CCParticleSystemQuad.m in Sources */,
				6AEF4EC214D9C27300BB85CC /* CCProgressTimer.m in Sources */,
				6AEF4EC614D9C27300BB85CC /* CCRenderTexture.m in Sources */,
				6AEF4EC914D9C27300BB85CC /* CCRibbon.m in Sources */,
				6AEF4ECC14D9C27300BB85CC /* CCScene.m in Sources */,
				6AEF4ECF14D9C27300BB85CC /* CCScheduler.m in Sources */,
				6AEF4ED214D9C27300BB85CC /* CCSprite.m in Sources */,
				6AEF4ED514D9C27400BB85CC /* CCSpriteBatchNode.m in Sources */,
				6AEF4ED814D9C27400BB85CC /* CCSpriteFrame.m in Sources */,
				6AEF4EDB14D9C27400BB85CC /* CCSpriteFrameCache.m in Sources */,
				6AEF4EDE14D9C27400BB85CC /* CCTexture2D.m in Sources */,
				6AEF4EE114D9C27400BB85CC /* CCTextureAtlas.m in Sources */,
				6AEF4EE414D9C27400BB85CC /* CCTextureCache.m in Sources */,
				6AEF4EE714D9C27400BB85CC /* CCTexturePVR.m in Sources */,
				6AEF4EEA14D9C27400BB85CC /* CCTileMapAtlas.m in Sources */,
				6AEF4EED14D9C27400BB85CC /* CCTMXLayer.m in Sources */,
				6AEF4EF014D9C27400BB85CC /* CCTMXObjectGroup.m in Sources */,
				6AEF4EF314D9C27400BB85CC /* CCTMXTiledMap.m in Sources */,
				6AEF4EF614D9C27400BB85CC /* CCTMXXMLParser.m in Sources */,
				6AEF4EF914D9C27400BB85CC /* CCTransition.m in Sources */,
				6AEF4EFC14D9C27400BB85CC /* CCTransitionPageTurn.m in Sources */,
				6AEF4EFF14D9C27400BB85CC /* CCTransitionRadial.m in Sources */,
				6AEF4F0314D9C27400BB85CC /* cocos2d.m in Sources */,
				6AEF4F0A14D9C27400BB85CC /* CCDirectorIOS.m in Sources */,
				6AEF4F0E14D9C27400BB85CC /* CCTouchDispatcher.m in Sources */,
				6AEF4F1114D9C27400BB85CC /* CCTouchHandler.m in Sources */,
				6AEF4F1414D9C27400BB85CC /* EAGLView.m in Sources */,
				6AEF4F1714D9C27400BB85CC /* ES1Renderer.m in Sources */,
				6AEF4F1A14D9C27400BB85CC /* glu.c in Sources */,
				6AEF4F1F14D9C27400BB85CC /* CCDirectorMac.m in Sources */,
				6AEF4F2214D9C27400BB85CC /* CCEventDispatcher.m in Sources */,
				6AEF4F2514D9C27400BB85CC /* MacGLView.m in Sources */,
				6AEF4F2814D9C27400BB85CC /* MacWindow.m in Sources */,
				6AEF4F2B14D9C27400BB85CC /* base64.c in Sources */,
				6AEF4F2F14D9C27400BB85CC /* CCArray.m in Sources */,
				6AEF4F3314D9C27400BB85CC /* CCFileUtils.m in Sources */,
				6AEF4F3614D9C27400BB85CC /* CCProfiling.m in Sources */,
				6AEF4F3814D9C27400BB85CC /* ccUtils.c in Sources */,
				6AEF4F3C14D9C27400BB85CC /* CGPointExtension.m in Sources */,
				6AEF4F4014D9C27400BB85CC /* TGAlib.m in Sources */,
				6AEF4F4314D9C27400BB85CC /* TransformUtils.m in Sources */,
				6AEF4F4814D9C27400BB85CC /* ZipUtils.m in Sources */,
				6AEF4F4D14D9C27400BB85CC /* CDAudioManager.m in Sources */,
				6AEF4F5114D9C27400BB85CC /* CDOpenALSupport.m in Sources */,
				6AEF4F5414D9C27400BB85CC /* CocosDenshion.m in Sources */,
				6AEF4F5714D9C27400BB85CC /* SimpleAudioEngine.m in Sources */,
				6AEF4F5C14D9C27400BB85CC /* CLScoreServerPost.m in Sources */,
				6AEF4F5F14D9C27400BB85CC /* CLScoreServerRequest.m in Sources */,
				6AEF4F6214D9C27400BB85CC /* cocoslive.m in Sources */,
				6AEF4F6714D9C27400BB85CC /* CDataScanner.m in Sources */,
				6AEF4F6B14D9C27500BB85CC /* CDataScanner_Extensions.m in Sources */,
				6AEF4F6E14D9C27500BB85CC /* NSDictionary_JSONExtensions.m in Sources */,
				6AEF4F7214D9C27500BB85CC /* CJSONDeserializer.m in Sources */,
				6AEF4F7514D9C27500BB85CC /* CJSONScanner.m in Sources */,
				6AEF4F7814D9C27500BB85CC /* CJSONSerializer.m in Sources */,
				6AEF4F7D14D9C27500BB85CC /* FontLabel.m in Sources */,
				6AEF4F8014D9C27500BB85CC /* FontLabelStringDrawing.m in Sources */,
				6AEF4F8314D9C27500BB85CC /* FontManager.m in Sources */,
				6AEF4F8614D9C27500BB85CC /* ZAttributedString.m in Sources */,
				6AEF4F8A14D9C27500BB85CC /* ZFont.m in Sources */,
				6AEF4F8F14D9C27500BB85CC /* main.m in Sources */,
				6AEF4F9214D9C27500BB85CC /* AppDelegate.m in Sources */,
				6AEF4F9514D9C27500BB85CC /* RootViewController.m in Sources */,
				6AEF4F9814D9C27500BB85CC /* HelloWorldLayer.m in Sources */,
				6A8DE48A14D9F4FF0031A740 /* JellyVisual.m in Sources */,
			);
			runOnlyForDeploymentPostprocessing = 0;
		};
/* End PBXSourcesBuildPhase section */

/* Begin XCBuildConfiguration section */
		6AEF4F9A14D9C27500BB85CC /* Debug */ = {
			isa = XCBuildConfiguration;
			buildSettings = {
				ARCHS = "$(ARCHS_STANDARD_32_BIT)";
				"CODE_SIGN_IDENTITY[sdk=iphoneos*]" = "iPhone Developer";
				GCC_C_LANGUAGE_STANDARD = gnu99;
				GCC_OPTIMIZATION_LEVEL = 0;
				GCC_PREPROCESSOR_DEFINITIONS = (
					DEBUG,
					"COCOS2D_DEBUG=1",
				);
				GCC_SYMBOLS_PRIVATE_EXTERN = NO;
				GCC_VERSION = com.apple.compilers.llvmgcc42;
				GCC_WARN_ABOUT_RETURN_TYPE = YES;
				GCC_WARN_UNUSED_VARIABLE = YES;
				IPHONEOS_DEPLOYMENT_TARGET = 5.0;
				SDKROOT = iphoneos;
			};
			name = Debug;
		};
		6AEF4F9B14D9C27500BB85CC /* Release */ = {
			isa = XCBuildConfiguration;
			buildSettings = {
				ARCHS = "$(ARCHS_STANDARD_32_BIT)";
				"CODE_SIGN_IDENTITY[sdk=iphoneos*]" = "iPhone Developer";
				GCC_C_LANGUAGE_STANDARD = gnu99;
				GCC_PREPROCESSOR_DEFINITIONS = NDEBUG;
				GCC_VERSION = com.apple.compilers.llvmgcc42;
				GCC_WARN_ABOUT_RETURN_TYPE = YES;
				GCC_WARN_UNUSED_VARIABLE = YES;
				IPHONEOS_DEPLOYMENT_TARGET = 5.0;
				OTHER_CFLAGS = "-DNS_BLOCK_ASSERTIONS=1";
				SDKROOT = iphoneos;
			};
			name = Release;
		};
		6AEF4F9D14D9C27500BB85CC /* Debug */ = {
			isa = XCBuildConfiguration;
			buildSettings = {
				ADDITIONAL_SDKS = "";
				ALWAYS_SEARCH_USER_PATHS = NO;
				COPY_PHASE_STRIP = NO;
				GCC_DYNAMIC_NO_PIC = NO;
				GCC_PRECOMPILE_PREFIX_HEADER = YES;
				GCC_PREFIX_HEADER = jelly_test/Prefix.pch;
				"GCC_THUMB_SUPPORT[arch=armv6]" = "";
				GCC_VERSION = com.apple.compilers.llvmgcc42;
				HEADER_SEARCH_PATHS = "$(SRCROOT)/../jelly_physics/jelly";
				INFOPLIST_FILE = jelly_test/Resources/Info.plist;
				OTHER_LDFLAGS = "-lz";
				PRODUCT_NAME = "$(TARGET_NAME)";
				USER_HEADER_SEARCH_PATHS = "";
				WRAPPER_EXTENSION = app;
			};
			name = Debug;
		};
		6AEF4F9E14D9C27500BB85CC /* Release */ = {
			isa = XCBuildConfiguration;
			buildSettings = {
				ADDITIONAL_SDKS = "";
				ALWAYS_SEARCH_USER_PATHS = NO;
				COPY_PHASE_STRIP = YES;
				GCC_PRECOMPILE_PREFIX_HEADER = YES;
				GCC_PREFIX_HEADER = jelly_test/Prefix.pch;
				"GCC_THUMB_SUPPORT[arch=armv6]" = "";
				GCC_VERSION = com.apple.compilers.llvmgcc42;
				HEADER_SEARCH_PATHS = "$(SRCROOT)/../jelly_physics/jelly";
				INFOPLIST_FILE = jelly_test/Resources/Info.plist;
				OTHER_LDFLAGS = "-lz";
				PRODUCT_NAME = "$(TARGET_NAME)";
				USER_HEADER_SEARCH_PATHS = "";
				VALIDATE_PRODUCT = YES;
				WRAPPER_EXTENSION = app;
			};
			name = Release;
		};
/* End XCBuildConfiguration section */

/* Begin XCConfigurationList section */
		6AEF4E2414D9C27200BB85CC /* Build configuration list for PBXProject "jelly_test" */ = {
			isa = XCConfigurationList;
			buildConfigurations = (
				6AEF4F9A14D9C27500BB85CC /* Debug */,
				6AEF4F9B14D9C27500BB85CC /* Release */,
			);
			defaultConfigurationIsVisible = 0;
			defaultConfigurationName = Release;
		};
		6AEF4F9C14D9C27500BB85CC /* Build configuration list for PBXNativeTarget "jelly_test" */ = {
			isa = XCConfigurationList;
			buildConfigurations = (
				6AEF4F9D14D9C27500BB85CC /* Debug */,
				6AEF4F9E14D9C27500BB85CC /* Release */,
			);
			defaultConfigurationIsVisible = 0;
			defaultConfigurationName = Release;
		};
/* End XCConfigurationList section */
	};
	rootObject = 6AEF4E2114D9C27200BB85CC /* Project object */;
}
